// !$*UTF8*$!
{
	archiveVersion = 1;
	classes = {
	};
	objectVersion = 42;
	objects = {

/* Begin PBXBuildFile section */
		278995111336D89B0051FD6B /* guiBaseObject.cpp in Sources */ = {isa = PBXBuildFile; fileRef = 278994D71336D89B0051FD6B /* guiBaseObject.cpp */; };
		278995121336D89B0051FD6B /* guiCallback.cpp in Sources */ = {isa = PBXBuildFile; fileRef = 278994D91336D89B0051FD6B /* guiCallback.cpp */; };
		278995131336D89B0051FD6B /* guiCallbackValue.cpp in Sources */ = {isa = PBXBuildFile; fileRef = 278994DB1336D89B0051FD6B /* guiCallbackValue.cpp */; };
		278995141336D89B0051FD6B /* guiColor.cpp in Sources */ = {isa = PBXBuildFile; fileRef = 278994DD1336D89B0051FD6B /* guiColor.cpp */; };
		278995151336D89B0051FD6B /* guiTextBase.cpp in Sources */ = {isa = PBXBuildFile; fileRef = 278994E11336D89B0051FD6B /* guiTextBase.cpp */; };
		278995161336D89B0051FD6B /* guiType2DSlider.cpp in Sources */ = {isa = PBXBuildFile; fileRef = 278994E31336D89B0051FD6B /* guiType2DSlider.cpp */; };
		278995171336D89B0051FD6B /* guiTypeButtonSlider.cpp in Sources */ = {isa = PBXBuildFile; fileRef = 278994E51336D89B0051FD6B /* guiTypeButtonSlider.cpp */; };
		278995181336D89B0051FD6B /* guiTypeChartPlotter.cpp in Sources */ = {isa = PBXBuildFile; fileRef = 278994E71336D89B0051FD6B /* guiTypeChartPlotter.cpp */; };
		278995191336D89B0051FD6B /* guiTypeCustom.cpp in Sources */ = {isa = PBXBuildFile; fileRef = 278994E91336D89B0051FD6B /* guiTypeCustom.cpp */; };
		2789951A1336D89B0051FD6B /* guiTypeDrawable.cpp in Sources */ = {isa = PBXBuildFile; fileRef = 278994EB1336D89B0051FD6B /* guiTypeDrawable.cpp */; };
		2789951B1336D89B0051FD6B /* guiTypeFileLister.cpp in Sources */ = {isa = PBXBuildFile; fileRef = 278994ED1336D89B0051FD6B /* guiTypeFileLister.cpp */; };
		2789951C1336D89B0051FD6B /* guiTypeLabel.cpp in Sources */ = {isa = PBXBuildFile; fileRef = 278994EF1336D89B0051FD6B /* guiTypeLabel.cpp */; };
		2789951D1336D89B0051FD6B /* guiTypeLogger.cpp in Sources */ = {isa = PBXBuildFile; fileRef = 278994F11336D89B0051FD6B /* guiTypeLogger.cpp */; };
		2789951E1336D89B0051FD6B /* guiTypeMultiToggle.cpp in Sources */ = {isa = PBXBuildFile; fileRef = 278994F31336D89B0051FD6B /* guiTypeMultiToggle.cpp */; };
		2789951F1336D89B0051FD6B /* guiTypePanel.cpp in Sources */ = {isa = PBXBuildFile; fileRef = 278994F51336D89B0051FD6B /* guiTypePanel.cpp */; };
		278995201336D89B0051FD6B /* guiTypeSlider.cpp in Sources */ = {isa = PBXBuildFile; fileRef = 278994F71336D89B0051FD6B /* guiTypeSlider.cpp */; };
		278995211336D89B0051FD6B /* guiTypeText.cpp in Sources */ = {isa = PBXBuildFile; fileRef = 278994F91336D89B0051FD6B /* guiTypeText.cpp */; };
		278995221336D89B0051FD6B /* guiTypeTextDropDown.cpp in Sources */ = {isa = PBXBuildFile; fileRef = 278994FB1336D89B0051FD6B /* guiTypeTextDropDown.cpp */; };
		278995231336D89B0051FD6B /* guiTypeTextInput.cpp in Sources */ = {isa = PBXBuildFile; fileRef = 278994FD1336D89B0051FD6B /* guiTypeTextInput.cpp */; };
		278995241336D89B0051FD6B /* guiTypeToggle.cpp in Sources */ = {isa = PBXBuildFile; fileRef = 278994FF1336D89B0051FD6B /* guiTypeToggle.cpp */; };
		278995251336D89B0051FD6B /* guiTypeVairableLister.cpp in Sources */ = {isa = PBXBuildFile; fileRef = 278995011336D89B0051FD6B /* guiTypeVairableLister.cpp */; };
		278995261336D89B0051FD6B /* guiTypeVideo.cpp in Sources */ = {isa = PBXBuildFile; fileRef = 278995031336D89B0051FD6B /* guiTypeVideo.cpp */; };
		278995271336D89B0051FD6B /* guiValue.cpp in Sources */ = {isa = PBXBuildFile; fileRef = 278995051336D89B0051FD6B /* guiValue.cpp */; };
		278995281336D89B0051FD6B /* ofxControlPanel.cpp in Sources */ = {isa = PBXBuildFile; fileRef = 278995091336D89B0051FD6B /* ofxControlPanel.cpp */; };
		278995291336D89B0051FD6B /* simpleColor.cpp in Sources */ = {isa = PBXBuildFile; fileRef = 2789950B1336D89B0051FD6B /* simpleColor.cpp */; };
		2789952A1336D89B0051FD6B /* simpleFileLister.cpp in Sources */ = {isa = PBXBuildFile; fileRef = 2789950D1336D89B0051FD6B /* simpleFileLister.cpp */; };
		2789952B1336D89B0051FD6B /* simpleLogger.cpp in Sources */ = {isa = PBXBuildFile; fileRef = 2789950F1336D89B0051FD6B /* simpleLogger.cpp */; };
		2789954D1336D96E0051FD6B /* 3DconnexionClient.framework in Frameworks */ = {isa = PBXBuildFile; fileRef = 2789954C1336D96E0051FD6B /* 3DconnexionClient.framework */; };
		278B71941336CCB4007D4E20 /* ofxConnexion.cpp in Sources */ = {isa = PBXBuildFile; fileRef = 278B71361336CCB4007D4E20 /* ofxConnexion.cpp */; };
		278B71AF1336CCB4007D4E20 /* ofxMSAPerlin.cpp in Sources */ = {isa = PBXBuildFile; fileRef = 278B71781336CCB4007D4E20 /* ofxMSAPerlin.cpp */; };
		278B71B11336CCB4007D4E20 /* Particle.cpp in Sources */ = {isa = PBXBuildFile; fileRef = 278B717F1336CCB4007D4E20 /* Particle.cpp */; };
		278B71B21336CCB4007D4E20 /* particleSystem.cpp in Sources */ = {isa = PBXBuildFile; fileRef = 278B71811336CCB4007D4E20 /* particleSystem.cpp */; };
		278B71B31336CCB4007D4E20 /* main.cpp in Sources */ = {isa = PBXBuildFile; fileRef = 278B71831336CCB4007D4E20 /* main.cpp */; };
		278B71B41336CCB4007D4E20 /* scanNotifier.cpp in Sources */ = {isa = PBXBuildFile; fileRef = 278B71851336CCB4007D4E20 /* scanNotifier.cpp */; };
		278B71B51336CCB4007D4E20 /* scanPlayer.cpp in Sources */ = {isa = PBXBuildFile; fileRef = 278B71871336CCB4007D4E20 /* scanPlayer.cpp */; };
		278B71B61336CCB4007D4E20 /* threadedImageConvertor.cpp in Sources */ = {isa = PBXBuildFile; fileRef = 278B71891336CCB4007D4E20 /* threadedImageConvertor.cpp */; };
		278B71B71336CCB4007D4E20 /* threadedScanLoader.cpp in Sources */ = {isa = PBXBuildFile; fileRef = 278B718B1336CCB4007D4E20 /* threadedScanLoader.cpp */; };
		278B71B81336CCB4007D4E20 /* testApp.cpp in Sources */ = {isa = PBXBuildFile; fileRef = 278B718D1336CCB4007D4E20 /* testApp.cpp */; };
		278B71B91336CCB4007D4E20 /* ConnexionCamera.cpp in Sources */ = {isa = PBXBuildFile; fileRef = 278B71901336CCB4007D4E20 /* ConnexionCamera.cpp */; };
		278B71BA1336CCB4007D4E20 /* ofxDaito.cpp in Sources */ = {isa = PBXBuildFile; fileRef = 278B71921336CCB4007D4E20 /* ofxDaito.cpp */; };
		278B722E1336CD7D007D4E20 /* tinyxml.cpp in Sources */ = {isa = PBXBuildFile; fileRef = 278B720C1336CD7D007D4E20 /* tinyxml.cpp */; };
		278B722F1336CD7D007D4E20 /* tinyxmlerror.cpp in Sources */ = {isa = PBXBuildFile; fileRef = 278B720E1336CD7D007D4E20 /* tinyxmlerror.cpp */; };
		278B72301336CD7D007D4E20 /* tinyxmlparser.cpp in Sources */ = {isa = PBXBuildFile; fileRef = 278B720F1336CD7D007D4E20 /* tinyxmlparser.cpp */; };
		278B72311336CD7D007D4E20 /* ofxXmlSettings.cpp in Sources */ = {isa = PBXBuildFile; fileRef = 278B72111336CD7D007D4E20 /* ofxXmlSettings.cpp */; };
		278B727C1336CDC0007D4E20 /* liboscpack.a in Frameworks */ = {isa = PBXBuildFile; fileRef = 278B72641336CDC0007D4E20 /* liboscpack.a */; };
		278B727D1336CDC0007D4E20 /* liboscpack.a in Frameworks */ = {isa = PBXBuildFile; fileRef = 278B72651336CDC0007D4E20 /* liboscpack.a */; };
		278B727E1336CDC0007D4E20 /* liboscpack.a in Frameworks */ = {isa = PBXBuildFile; fileRef = 278B72671336CDC0007D4E20 /* liboscpack.a */; };
		278B727F1336CDC0007D4E20 /* liboscpack.a in Frameworks */ = {isa = PBXBuildFile; fileRef = 278B72691336CDC0007D4E20 /* liboscpack.a */; };
		278B72801336CDC0007D4E20 /* osc.a in Frameworks */ = {isa = PBXBuildFile; fileRef = 278B726B1336CDC0007D4E20 /* osc.a */; };
		278B72811336CDC0007D4E20 /* oscpack.lib in Frameworks */ = {isa = PBXBuildFile; fileRef = 278B726D1336CDC0007D4E20 /* oscpack.lib */; };
		278B72821336CDC0007D4E20 /* oscpackd.lib in Frameworks */ = {isa = PBXBuildFile; fileRef = 278B726E1336CDC0007D4E20 /* oscpackd.lib */; };
		278B72831336CDC0007D4E20 /* oscpack.a in Frameworks */ = {isa = PBXBuildFile; fileRef = 278B72701336CDC0007D4E20 /* oscpack.a */; };
		278B72841336CDC0007D4E20 /* ofxOscBundle.cpp in Sources */ = {isa = PBXBuildFile; fileRef = 278B72741336CDC0007D4E20 /* ofxOscBundle.cpp */; };
		278B72851336CDC0007D4E20 /* ofxOscMessage.cpp in Sources */ = {isa = PBXBuildFile; fileRef = 278B72761336CDC0007D4E20 /* ofxOscMessage.cpp */; };
		278B72861336CDC0007D4E20 /* ofxOscReceiver.cpp in Sources */ = {isa = PBXBuildFile; fileRef = 278B72781336CDC0007D4E20 /* ofxOscReceiver.cpp */; };
		278B72871336CDC0007D4E20 /* ofxOscSender.cpp in Sources */ = {isa = PBXBuildFile; fileRef = 278B727A1336CDC0007D4E20 /* ofxOscSender.cpp */; };
		E45BE97B0E8CC7DD009D7055 /* AGL.framework in Frameworks */ = {isa = PBXBuildFile; fileRef = E45BE9710E8CC7DD009D7055 /* AGL.framework */; };
		E45BE97C0E8CC7DD009D7055 /* ApplicationServices.framework in Frameworks */ = {isa = PBXBuildFile; fileRef = E45BE9720E8CC7DD009D7055 /* ApplicationServices.framework */; };
		E45BE97D0E8CC7DD009D7055 /* AudioToolbox.framework in Frameworks */ = {isa = PBXBuildFile; fileRef = E45BE9730E8CC7DD009D7055 /* AudioToolbox.framework */; };
		E45BE97E0E8CC7DD009D7055 /* Carbon.framework in Frameworks */ = {isa = PBXBuildFile; fileRef = E45BE9740E8CC7DD009D7055 /* Carbon.framework */; };
		E45BE97F0E8CC7DD009D7055 /* CoreAudio.framework in Frameworks */ = {isa = PBXBuildFile; fileRef = E45BE9750E8CC7DD009D7055 /* CoreAudio.framework */; };
		E45BE9800E8CC7DD009D7055 /* CoreFoundation.framework in Frameworks */ = {isa = PBXBuildFile; fileRef = E45BE9760E8CC7DD009D7055 /* CoreFoundation.framework */; };
		E45BE9810E8CC7DD009D7055 /* CoreServices.framework in Frameworks */ = {isa = PBXBuildFile; fileRef = E45BE9770E8CC7DD009D7055 /* CoreServices.framework */; };
		E45BE9830E8CC7DD009D7055 /* OpenGL.framework in Frameworks */ = {isa = PBXBuildFile; fileRef = E45BE9790E8CC7DD009D7055 /* OpenGL.framework */; };
		E45BE9840E8CC7DD009D7055 /* QuickTime.framework in Frameworks */ = {isa = PBXBuildFile; fileRef = E45BE97A0E8CC7DD009D7055 /* QuickTime.framework */; };
		E4C2422B10CC554B004149E2 /* openFrameworks.a in Frameworks */ = {isa = PBXBuildFile; fileRef = E4C2421E10CC549C004149E2 /* openFrameworks.a */; };
		E4C2424710CC5A17004149E2 /* AppKit.framework in Frameworks */ = {isa = PBXBuildFile; fileRef = E4C2424410CC5A17004149E2 /* AppKit.framework */; };
		E4C2424810CC5A17004149E2 /* Cocoa.framework in Frameworks */ = {isa = PBXBuildFile; fileRef = E4C2424510CC5A17004149E2 /* Cocoa.framework */; };
		E4C2424910CC5A17004149E2 /* IOKit.framework in Frameworks */ = {isa = PBXBuildFile; fileRef = E4C2424610CC5A17004149E2 /* IOKit.framework */; };
		E4C2426610CC5A78004149E2 /* GLUT.framework in Frameworks */ = {isa = PBXBuildFile; fileRef = E4C2425F10CC5A78004149E2 /* GLUT.framework */; };
		E4C2426B10CC5AA6004149E2 /* GLUT.framework in CopyFiles */ = {isa = PBXBuildFile; fileRef = E4C2425F10CC5A78004149E2 /* GLUT.framework */; };
/* End PBXBuildFile section */

/* Begin PBXContainerItemProxy section */
		E4C2421D10CC549C004149E2 /* PBXContainerItemProxy */ = {
			isa = PBXContainerItemProxy;
			containerPortal = E4C2421610CC549C004149E2 /* openFrameworksLib.xcodeproj */;
			proxyType = 2;
			remoteGlobalIDString = E4B27C1510CBEB8E00536013;
			remoteInfo = openFrameworks;
		};
		E4C2422710CC54DA004149E2 /* PBXContainerItemProxy */ = {
			isa = PBXContainerItemProxy;
			containerPortal = E4C2421610CC549C004149E2 /* openFrameworksLib.xcodeproj */;
			proxyType = 1;
			remoteGlobalIDString = E4B27C1410CBEB8E00536013;
			remoteInfo = openFrameworks;
		};
/* End PBXContainerItemProxy section */

/* Begin PBXCopyFilesBuildPhase section */
		E4C2427710CC5ABF004149E2 /* CopyFiles */ = {
			isa = PBXCopyFilesBuildPhase;
			buildActionMask = 2147483647;
			dstPath = "";
			dstSubfolderSpec = 10;
			files = (
				E4C2426B10CC5AA6004149E2 /* GLUT.framework in CopyFiles */,
			);
			runOnlyForDeploymentPostprocessing = 0;
		};
/* End PBXCopyFilesBuildPhase section */

/* Begin PBXFileReference section */
		278994D71336D89B0051FD6B /* guiBaseObject.cpp */ = {isa = PBXFileReference; fileEncoding = 4; lastKnownFileType = sourcecode.cpp.cpp; name = guiBaseObject.cpp; path = src/addons/ofxControlPanel/src/guiBaseObject.cpp; sourceTree = SOURCE_ROOT; };
		278994D81336D89B0051FD6B /* guiBaseObject.h */ = {isa = PBXFileReference; fileEncoding = 4; lastKnownFileType = sourcecode.c.h; name = guiBaseObject.h; path = src/addons/ofxControlPanel/src/guiBaseObject.h; sourceTree = SOURCE_ROOT; };
		278994D91336D89B0051FD6B /* guiCallback.cpp */ = {isa = PBXFileReference; fileEncoding = 4; lastKnownFileType = sourcecode.cpp.cpp; name = guiCallback.cpp; path = src/addons/ofxControlPanel/src/guiCallback.cpp; sourceTree = SOURCE_ROOT; };
		278994DA1336D89B0051FD6B /* guiCallback.h */ = {isa = PBXFileReference; fileEncoding = 4; lastKnownFileType = sourcecode.c.h; name = guiCallback.h; path = src/addons/ofxControlPanel/src/guiCallback.h; sourceTree = SOURCE_ROOT; };
		278994DB1336D89B0051FD6B /* guiCallbackValue.cpp */ = {isa = PBXFileReference; fileEncoding = 4; lastKnownFileType = sourcecode.cpp.cpp; name = guiCallbackValue.cpp; path = src/addons/ofxControlPanel/src/guiCallbackValue.cpp; sourceTree = SOURCE_ROOT; };
		278994DC1336D89B0051FD6B /* guiCallbackValue.h */ = {isa = PBXFileReference; fileEncoding = 4; lastKnownFileType = sourcecode.c.h; name = guiCallbackValue.h; path = src/addons/ofxControlPanel/src/guiCallbackValue.h; sourceTree = SOURCE_ROOT; };
		278994DD1336D89B0051FD6B /* guiColor.cpp */ = {isa = PBXFileReference; fileEncoding = 4; lastKnownFileType = sourcecode.cpp.cpp; name = guiColor.cpp; path = src/addons/ofxControlPanel/src/guiColor.cpp; sourceTree = SOURCE_ROOT; };
		278994DE1336D89B0051FD6B /* guiColor.h */ = {isa = PBXFileReference; fileEncoding = 4; lastKnownFileType = sourcecode.c.h; name = guiColor.h; path = src/addons/ofxControlPanel/src/guiColor.h; sourceTree = SOURCE_ROOT; };
		278994DF1336D89B0051FD6B /* guiCustomImpl.h */ = {isa = PBXFileReference; fileEncoding = 4; lastKnownFileType = sourcecode.c.h; name = guiCustomImpl.h; path = src/addons/ofxControlPanel/src/guiCustomImpl.h; sourceTree = SOURCE_ROOT; };
		278994E01336D89B0051FD6B /* guiIncludes.h */ = {isa = PBXFileReference; fileEncoding = 4; lastKnownFileType = sourcecode.c.h; name = guiIncludes.h; path = src/addons/ofxControlPanel/src/guiIncludes.h; sourceTree = SOURCE_ROOT; };
		278994E11336D89B0051FD6B /* guiTextBase.cpp */ = {isa = PBXFileReference; fileEncoding = 4; lastKnownFileType = sourcecode.cpp.cpp; name = guiTextBase.cpp; path = src/addons/ofxControlPanel/src/guiTextBase.cpp; sourceTree = SOURCE_ROOT; };
		278994E21336D89B0051FD6B /* guiTextBase.h */ = {isa = PBXFileReference; fileEncoding = 4; lastKnownFileType = sourcecode.c.h; name = guiTextBase.h; path = src/addons/ofxControlPanel/src/guiTextBase.h; sourceTree = SOURCE_ROOT; };
		278994E31336D89B0051FD6B /* guiType2DSlider.cpp */ = {isa = PBXFileReference; fileEncoding = 4; lastKnownFileType = sourcecode.cpp.cpp; name = guiType2DSlider.cpp; path = src/addons/ofxControlPanel/src/guiType2DSlider.cpp; sourceTree = SOURCE_ROOT; };
		278994E41336D89B0051FD6B /* guiType2DSlider.h */ = {isa = PBXFileReference; fileEncoding = 4; lastKnownFileType = sourcecode.c.h; name = guiType2DSlider.h; path = src/addons/ofxControlPanel/src/guiType2DSlider.h; sourceTree = SOURCE_ROOT; };
		278994E51336D89B0051FD6B /* guiTypeButtonSlider.cpp */ = {isa = PBXFileReference; fileEncoding = 4; lastKnownFileType = sourcecode.cpp.cpp; name = guiTypeButtonSlider.cpp; path = src/addons/ofxControlPanel/src/guiTypeButtonSlider.cpp; sourceTree = SOURCE_ROOT; };
		278994E61336D89B0051FD6B /* guiTypeButtonSlider.h */ = {isa = PBXFileReference; fileEncoding = 4; lastKnownFileType = sourcecode.c.h; name = guiTypeButtonSlider.h; path = src/addons/ofxControlPanel/src/guiTypeButtonSlider.h; sourceTree = SOURCE_ROOT; };
		278994E71336D89B0051FD6B /* guiTypeChartPlotter.cpp */ = {isa = PBXFileReference; fileEncoding = 4; lastKnownFileType = sourcecode.cpp.cpp; name = guiTypeChartPlotter.cpp; path = src/addons/ofxControlPanel/src/guiTypeChartPlotter.cpp; sourceTree = SOURCE_ROOT; };
		278994E81336D89B0051FD6B /* guiTypeChartPlotter.h */ = {isa = PBXFileReference; fileEncoding = 4; lastKnownFileType = sourcecode.c.h; name = guiTypeChartPlotter.h; path = src/addons/ofxControlPanel/src/guiTypeChartPlotter.h; sourceTree = SOURCE_ROOT; };
		278994E91336D89B0051FD6B /* guiTypeCustom.cpp */ = {isa = PBXFileReference; fileEncoding = 4; lastKnownFileType = sourcecode.cpp.cpp; name = guiTypeCustom.cpp; path = src/addons/ofxControlPanel/src/guiTypeCustom.cpp; sourceTree = SOURCE_ROOT; };
		278994EA1336D89B0051FD6B /* guiTypeCustom.h */ = {isa = PBXFileReference; fileEncoding = 4; lastKnownFileType = sourcecode.c.h; name = guiTypeCustom.h; path = src/addons/ofxControlPanel/src/guiTypeCustom.h; sourceTree = SOURCE_ROOT; };
		278994EB1336D89B0051FD6B /* guiTypeDrawable.cpp */ = {isa = PBXFileReference; fileEncoding = 4; lastKnownFileType = sourcecode.cpp.cpp; name = guiTypeDrawable.cpp; path = src/addons/ofxControlPanel/src/guiTypeDrawable.cpp; sourceTree = SOURCE_ROOT; };
		278994EC1336D89B0051FD6B /* guiTypeDrawable.h */ = {isa = PBXFileReference; fileEncoding = 4; lastKnownFileType = sourcecode.c.h; name = guiTypeDrawable.h; path = src/addons/ofxControlPanel/src/guiTypeDrawable.h; sourceTree = SOURCE_ROOT; };
		278994ED1336D89B0051FD6B /* guiTypeFileLister.cpp */ = {isa = PBXFileReference; fileEncoding = 4; lastKnownFileType = sourcecode.cpp.cpp; name = guiTypeFileLister.cpp; path = src/addons/ofxControlPanel/src/guiTypeFileLister.cpp; sourceTree = SOURCE_ROOT; };
		278994EE1336D89B0051FD6B /* guiTypeFileLister.h */ = {isa = PBXFileReference; fileEncoding = 4; lastKnownFileType = sourcecode.c.h; name = guiTypeFileLister.h; path = src/addons/ofxControlPanel/src/guiTypeFileLister.h; sourceTree = SOURCE_ROOT; };
		278994EF1336D89B0051FD6B /* guiTypeLabel.cpp */ = {isa = PBXFileReference; fileEncoding = 4; lastKnownFileType = sourcecode.cpp.cpp; name = guiTypeLabel.cpp; path = src/addons/ofxControlPanel/src/guiTypeLabel.cpp; sourceTree = SOURCE_ROOT; };
		278994F01336D89B0051FD6B /* guiTypeLabel.h */ = {isa = PBXFileReference; fileEncoding = 4; lastKnownFileType = sourcecode.c.h; name = guiTypeLabel.h; path = src/addons/ofxControlPanel/src/guiTypeLabel.h; sourceTree = SOURCE_ROOT; };
		278994F11336D89B0051FD6B /* guiTypeLogger.cpp */ = {isa = PBXFileReference; fileEncoding = 4; lastKnownFileType = sourcecode.cpp.cpp; name = guiTypeLogger.cpp; path = src/addons/ofxControlPanel/src/guiTypeLogger.cpp; sourceTree = SOURCE_ROOT; };
		278994F21336D89B0051FD6B /* guiTypeLogger.h */ = {isa = PBXFileReference; fileEncoding = 4; lastKnownFileType = sourcecode.c.h; name = guiTypeLogger.h; path = src/addons/ofxControlPanel/src/guiTypeLogger.h; sourceTree = SOURCE_ROOT; };
		278994F31336D89B0051FD6B /* guiTypeMultiToggle.cpp */ = {isa = PBXFileReference; fileEncoding = 4; lastKnownFileType = sourcecode.cpp.cpp; name = guiTypeMultiToggle.cpp; path = src/addons/ofxControlPanel/src/guiTypeMultiToggle.cpp; sourceTree = SOURCE_ROOT; };
		278994F41336D89B0051FD6B /* guiTypeMultiToggle.h */ = {isa = PBXFileReference; fileEncoding = 4; lastKnownFileType = sourcecode.c.h; name = guiTypeMultiToggle.h; path = src/addons/ofxControlPanel/src/guiTypeMultiToggle.h; sourceTree = SOURCE_ROOT; };
		278994F51336D89B0051FD6B /* guiTypePanel.cpp */ = {isa = PBXFileReference; fileEncoding = 4; lastKnownFileType = sourcecode.cpp.cpp; name = guiTypePanel.cpp; path = src/addons/ofxControlPanel/src/guiTypePanel.cpp; sourceTree = SOURCE_ROOT; };
		278994F61336D89B0051FD6B /* guiTypePanel.h */ = {isa = PBXFileReference; fileEncoding = 4; lastKnownFileType = sourcecode.c.h; name = guiTypePanel.h; path = src/addons/ofxControlPanel/src/guiTypePanel.h; sourceTree = SOURCE_ROOT; };
		278994F71336D89B0051FD6B /* guiTypeSlider.cpp */ = {isa = PBXFileReference; fileEncoding = 4; lastKnownFileType = sourcecode.cpp.cpp; name = guiTypeSlider.cpp; path = src/addons/ofxControlPanel/src/guiTypeSlider.cpp; sourceTree = SOURCE_ROOT; };
		278994F81336D89B0051FD6B /* guiTypeSlider.h */ = {isa = PBXFileReference; fileEncoding = 4; lastKnownFileType = sourcecode.c.h; name = guiTypeSlider.h; path = src/addons/ofxControlPanel/src/guiTypeSlider.h; sourceTree = SOURCE_ROOT; };
		278994F91336D89B0051FD6B /* guiTypeText.cpp */ = {isa = PBXFileReference; fileEncoding = 4; lastKnownFileType = sourcecode.cpp.cpp; name = guiTypeText.cpp; path = src/addons/ofxControlPanel/src/guiTypeText.cpp; sourceTree = SOURCE_ROOT; };
		278994FA1336D89B0051FD6B /* guiTypeText.h */ = {isa = PBXFileReference; fileEncoding = 4; lastKnownFileType = sourcecode.c.h; name = guiTypeText.h; path = src/addons/ofxControlPanel/src/guiTypeText.h; sourceTree = SOURCE_ROOT; };
		278994FB1336D89B0051FD6B /* guiTypeTextDropDown.cpp */ = {isa = PBXFileReference; fileEncoding = 4; lastKnownFileType = sourcecode.cpp.cpp; name = guiTypeTextDropDown.cpp; path = src/addons/ofxControlPanel/src/guiTypeTextDropDown.cpp; sourceTree = SOURCE_ROOT; };
		278994FC1336D89B0051FD6B /* guiTypeTextDropDown.h */ = {isa = PBXFileReference; fileEncoding = 4; lastKnownFileType = sourcecode.c.h; name = guiTypeTextDropDown.h; path = src/addons/ofxControlPanel/src/guiTypeTextDropDown.h; sourceTree = SOURCE_ROOT; };
		278994FD1336D89B0051FD6B /* guiTypeTextInput.cpp */ = {isa = PBXFileReference; fileEncoding = 4; lastKnownFileType = sourcecode.cpp.cpp; name = guiTypeTextInput.cpp; path = src/addons/ofxControlPanel/src/guiTypeTextInput.cpp; sourceTree = SOURCE_ROOT; };
		278994FE1336D89B0051FD6B /* guiTypeTextInput.h */ = {isa = PBXFileReference; fileEncoding = 4; lastKnownFileType = sourcecode.c.h; name = guiTypeTextInput.h; path = src/addons/ofxControlPanel/src/guiTypeTextInput.h; sourceTree = SOURCE_ROOT; };
		278994FF1336D89B0051FD6B /* guiTypeToggle.cpp */ = {isa = PBXFileReference; fileEncoding = 4; lastKnownFileType = sourcecode.cpp.cpp; name = guiTypeToggle.cpp; path = src/addons/ofxControlPanel/src/guiTypeToggle.cpp; sourceTree = SOURCE_ROOT; };
		278995001336D89B0051FD6B /* guiTypeToggle.h */ = {isa = PBXFileReference; fileEncoding = 4; lastKnownFileType = sourcecode.c.h; name = guiTypeToggle.h; path = src/addons/ofxControlPanel/src/guiTypeToggle.h; sourceTree = SOURCE_ROOT; };
		278995011336D89B0051FD6B /* guiTypeVairableLister.cpp */ = {isa = PBXFileReference; fileEncoding = 4; lastKnownFileType = sourcecode.cpp.cpp; name = guiTypeVairableLister.cpp; path = src/addons/ofxControlPanel/src/guiTypeVairableLister.cpp; sourceTree = SOURCE_ROOT; };
		278995021336D89B0051FD6B /* guiTypeVairableLister.h */ = {isa = PBXFileReference; fileEncoding = 4; lastKnownFileType = sourcecode.c.h; name = guiTypeVairableLister.h; path = src/addons/ofxControlPanel/src/guiTypeVairableLister.h; sourceTree = SOURCE_ROOT; };
		278995031336D89B0051FD6B /* guiTypeVideo.cpp */ = {isa = PBXFileReference; fileEncoding = 4; lastKnownFileType = sourcecode.cpp.cpp; name = guiTypeVideo.cpp; path = src/addons/ofxControlPanel/src/guiTypeVideo.cpp; sourceTree = SOURCE_ROOT; };
		278995041336D89B0051FD6B /* guiTypeVideo.h */ = {isa = PBXFileReference; fileEncoding = 4; lastKnownFileType = sourcecode.c.h; name = guiTypeVideo.h; path = src/addons/ofxControlPanel/src/guiTypeVideo.h; sourceTree = SOURCE_ROOT; };
		278995051336D89B0051FD6B /* guiValue.cpp */ = {isa = PBXFileReference; fileEncoding = 4; lastKnownFileType = sourcecode.cpp.cpp; name = guiValue.cpp; path = src/addons/ofxControlPanel/src/guiValue.cpp; sourceTree = SOURCE_ROOT; };
		278995061336D89B0051FD6B /* guiValue.h */ = {isa = PBXFileReference; fileEncoding = 4; lastKnownFileType = sourcecode.c.h; name = guiValue.h; path = src/addons/ofxControlPanel/src/guiValue.h; sourceTree = SOURCE_ROOT; };
		278995071336D89B0051FD6B /* guiVariablePointer.h */ = {isa = PBXFileReference; fileEncoding = 4; lastKnownFileType = sourcecode.c.h; name = guiVariablePointer.h; path = src/addons/ofxControlPanel/src/guiVariablePointer.h; sourceTree = SOURCE_ROOT; };
		278995081336D89B0051FD6B /* guiXmlValue.h */ = {isa = PBXFileReference; fileEncoding = 4; lastKnownFileType = sourcecode.c.h; name = guiXmlValue.h; path = src/addons/ofxControlPanel/src/guiXmlValue.h; sourceTree = SOURCE_ROOT; };
		278995091336D89B0051FD6B /* ofxControlPanel.cpp */ = {isa = PBXFileReference; fileEncoding = 4; lastKnownFileType = sourcecode.cpp.cpp; name = ofxControlPanel.cpp; path = src/addons/ofxControlPanel/src/ofxControlPanel.cpp; sourceTree = SOURCE_ROOT; };
		2789950A1336D89B0051FD6B /* ofxControlPanel.h */ = {isa = PBXFileReference; fileEncoding = 4; lastKnownFileType = sourcecode.c.h; name = ofxControlPanel.h; path = src/addons/ofxControlPanel/src/ofxControlPanel.h; sourceTree = SOURCE_ROOT; };
		2789950B1336D89B0051FD6B /* simpleColor.cpp */ = {isa = PBXFileReference; fileEncoding = 4; lastKnownFileType = sourcecode.cpp.cpp; name = simpleColor.cpp; path = src/addons/ofxControlPanel/src/simpleColor.cpp; sourceTree = SOURCE_ROOT; };
		2789950C1336D89B0051FD6B /* simpleColor.h */ = {isa = PBXFileReference; fileEncoding = 4; lastKnownFileType = sourcecode.c.h; name = simpleColor.h; path = src/addons/ofxControlPanel/src/simpleColor.h; sourceTree = SOURCE_ROOT; };
		2789950D1336D89B0051FD6B /* simpleFileLister.cpp */ = {isa = PBXFileReference; fileEncoding = 4; lastKnownFileType = sourcecode.cpp.cpp; name = simpleFileLister.cpp; path = src/addons/ofxControlPanel/src/simpleFileLister.cpp; sourceTree = SOURCE_ROOT; };
		2789950E1336D89B0051FD6B /* simpleFileLister.h */ = {isa = PBXFileReference; fileEncoding = 4; lastKnownFileType = sourcecode.c.h; name = simpleFileLister.h; path = src/addons/ofxControlPanel/src/simpleFileLister.h; sourceTree = SOURCE_ROOT; };
		2789950F1336D89B0051FD6B /* simpleLogger.cpp */ = {isa = PBXFileReference; fileEncoding = 4; lastKnownFileType = sourcecode.cpp.cpp; name = simpleLogger.cpp; path = src/addons/ofxControlPanel/src/simpleLogger.cpp; sourceTree = SOURCE_ROOT; };
		278995101336D89B0051FD6B /* simpleLogger.h */ = {isa = PBXFileReference; fileEncoding = 4; lastKnownFileType = sourcecode.c.h; name = simpleLogger.h; path = src/addons/ofxControlPanel/src/simpleLogger.h; sourceTree = SOURCE_ROOT; };
		2789954C1336D96E0051FD6B /* 3DconnexionClient.framework */ = {isa = PBXFileReference; lastKnownFileType = wrapper.framework; name = 3DconnexionClient.framework; path = /Library/Frameworks/3DconnexionClient.framework; sourceTree = "<absolute>"; };
		278B71361336CCB4007D4E20 /* ofxConnexion.cpp */ = {isa = PBXFileReference; fileEncoding = 4; lastKnownFileType = sourcecode.cpp.cpp; name = ofxConnexion.cpp; path = src/addons/ofxConnexion/src/ofxConnexion.cpp; sourceTree = SOURCE_ROOT; };
		278B71371336CCB4007D4E20 /* ofxConnexion.h */ = {isa = PBXFileReference; fileEncoding = 4; lastKnownFileType = sourcecode.c.h; name = ofxConnexion.h; path = src/addons/ofxConnexion/src/ofxConnexion.h; sourceTree = SOURCE_ROOT; };
		278B71781336CCB4007D4E20 /* ofxMSAPerlin.cpp */ = {isa = PBXFileReference; fileEncoding = 4; lastKnownFileType = sourcecode.cpp.cpp; name = ofxMSAPerlin.cpp; path = src/addons/ofxMSAPerlin/src/ofxMSAPerlin.cpp; sourceTree = SOURCE_ROOT; };
		278B71791336CCB4007D4E20 /* ofxMSAPerlin.h */ = {isa = PBXFileReference; fileEncoding = 4; lastKnownFileType = sourcecode.c.h; name = ofxMSAPerlin.h; path = src/addons/ofxMSAPerlin/src/ofxMSAPerlin.h; sourceTree = SOURCE_ROOT; };
		278B717F1336CCB4007D4E20 /* Particle.cpp */ = {isa = PBXFileReference; fileEncoding = 4; lastKnownFileType = sourcecode.cpp.cpp; name = Particle.cpp; path = src/animation/Particle.cpp; sourceTree = SOURCE_ROOT; };
		278B71801336CCB4007D4E20 /* Particle.h */ = {isa = PBXFileReference; fileEncoding = 4; lastKnownFileType = sourcecode.c.h; name = Particle.h; path = src/animation/Particle.h; sourceTree = SOURCE_ROOT; };
		278B71811336CCB4007D4E20 /* particleSystem.cpp */ = {isa = PBXFileReference; fileEncoding = 4; lastKnownFileType = sourcecode.cpp.cpp; name = particleSystem.cpp; path = src/animation/particleSystem.cpp; sourceTree = SOURCE_ROOT; };
		278B71821336CCB4007D4E20 /* particleSystem.h */ = {isa = PBXFileReference; fileEncoding = 4; lastKnownFileType = sourcecode.c.h; name = particleSystem.h; path = src/animation/particleSystem.h; sourceTree = SOURCE_ROOT; };
		278B71831336CCB4007D4E20 /* main.cpp */ = {isa = PBXFileReference; fileEncoding = 4; lastKnownFileType = sourcecode.cpp.cpp; path = main.cpp; sourceTree = "<group>"; };
		278B71851336CCB4007D4E20 /* scanNotifier.cpp */ = {isa = PBXFileReference; fileEncoding = 4; lastKnownFileType = sourcecode.cpp.cpp; name = scanNotifier.cpp; path = src/scans/scanNotifier.cpp; sourceTree = SOURCE_ROOT; };
		278B71861336CCB4007D4E20 /* scanNotifier.h */ = {isa = PBXFileReference; fileEncoding = 4; lastKnownFileType = sourcecode.c.h; name = scanNotifier.h; path = src/scans/scanNotifier.h; sourceTree = SOURCE_ROOT; };
		278B71871336CCB4007D4E20 /* scanPlayer.cpp */ = {isa = PBXFileReference; fileEncoding = 4; lastKnownFileType = sourcecode.cpp.cpp; name = scanPlayer.cpp; path = src/scans/scanPlayer.cpp; sourceTree = SOURCE_ROOT; };
		278B71881336CCB4007D4E20 /* scanPlayer.h */ = {isa = PBXFileReference; fileEncoding = 4; lastKnownFileType = sourcecode.c.h; name = scanPlayer.h; path = src/scans/scanPlayer.h; sourceTree = SOURCE_ROOT; };
		278B71891336CCB4007D4E20 /* threadedImageConvertor.cpp */ = {isa = PBXFileReference; fileEncoding = 4; lastKnownFileType = sourcecode.cpp.cpp; name = threadedImageConvertor.cpp; path = src/scans/threadedImageConvertor.cpp; sourceTree = SOURCE_ROOT; };
		278B718A1336CCB4007D4E20 /* threadedImageConvertor.h */ = {isa = PBXFileReference; fileEncoding = 4; lastKnownFileType = sourcecode.c.h; name = threadedImageConvertor.h; path = src/scans/threadedImageConvertor.h; sourceTree = SOURCE_ROOT; };
		278B718B1336CCB4007D4E20 /* threadedScanLoader.cpp */ = {isa = PBXFileReference; fileEncoding = 4; lastKnownFileType = sourcecode.cpp.cpp; name = threadedScanLoader.cpp; path = src/scans/threadedScanLoader.cpp; sourceTree = SOURCE_ROOT; };
		278B718C1336CCB4007D4E20 /* threadedScanLoader.h */ = {isa = PBXFileReference; fileEncoding = 4; lastKnownFileType = sourcecode.c.h; name = threadedScanLoader.h; path = src/scans/threadedScanLoader.h; sourceTree = SOURCE_ROOT; };
		278B718D1336CCB4007D4E20 /* testApp.cpp */ = {isa = PBXFileReference; fileEncoding = 4; lastKnownFileType = sourcecode.cpp.cpp; name = testApp.cpp; path = src/testApp.cpp; sourceTree = SOURCE_ROOT; };
		278B718E1336CCB4007D4E20 /* testApp.h */ = {isa = PBXFileReference; fileEncoding = 4; lastKnownFileType = sourcecode.c.h; name = testApp.h; path = src/testApp.h; sourceTree = SOURCE_ROOT; };
		278B71901336CCB4007D4E20 /* ConnexionCamera.cpp */ = {isa = PBXFileReference; fileEncoding = 4; lastKnownFileType = sourcecode.cpp.cpp; name = ConnexionCamera.cpp; path = src/utils/ConnexionCamera.cpp; sourceTree = SOURCE_ROOT; };
		278B71911336CCB4007D4E20 /* ConnexionCamera.h */ = {isa = PBXFileReference; fileEncoding = 4; lastKnownFileType = sourcecode.c.h; name = ConnexionCamera.h; path = src/utils/ConnexionCamera.h; sourceTree = SOURCE_ROOT; };
		278B71921336CCB4007D4E20 /* ofxDaito.cpp */ = {isa = PBXFileReference; fileEncoding = 4; lastKnownFileType = sourcecode.cpp.cpp; name = ofxDaito.cpp; path = src/utils/ofxDaito.cpp; sourceTree = SOURCE_ROOT; };
		278B71931336CCB4007D4E20 /* ofxDaito.h */ = {isa = PBXFileReference; fileEncoding = 4; lastKnownFileType = sourcecode.c.h; name = ofxDaito.h; path = src/utils/ofxDaito.h; sourceTree = SOURCE_ROOT; };
		278B71C51336CCE8007D4E20 /* DOFCloud.frag */ = {isa = PBXFileReference; fileEncoding = 4; lastKnownFileType = sourcecode.glsl; name = DOFCloud.frag; path = bin/data/shaders/DOFCloud.frag; sourceTree = SOURCE_ROOT; };
		278B71C61336CCE8007D4E20 /* DOFCloud.vert */ = {isa = PBXFileReference; fileEncoding = 4; lastKnownFileType = sourcecode.glsl; name = DOFCloud.vert; path = bin/data/shaders/DOFCloud.vert; sourceTree = SOURCE_ROOT; };
		278B71C71336CCE8007D4E20 /* SphereShader.frag */ = {isa = PBXFileReference; fileEncoding = 4; lastKnownFileType = sourcecode.glsl; name = SphereShader.frag; path = bin/data/shaders/SphereShader.frag; sourceTree = SOURCE_ROOT; };
		278B71C81336CCE8007D4E20 /* SphereShader.vert */ = {isa = PBXFileReference; fileEncoding = 4; lastKnownFileType = sourcecode.glsl; name = SphereShader.vert; path = bin/data/shaders/SphereShader.vert; sourceTree = SOURCE_ROOT; };
		278B720A1336CD7D007D4E20 /* install.xml */ = {isa = PBXFileReference; fileEncoding = 4; lastKnownFileType = text.xml; name = install.xml; path = ../../../addons/ofxXmlSettings/install.xml; sourceTree = SOURCE_ROOT; };
		278B720C1336CD7D007D4E20 /* tinyxml.cpp */ = {isa = PBXFileReference; fileEncoding = 4; lastKnownFileType = sourcecode.cpp.cpp; name = tinyxml.cpp; path = ../../../addons/ofxXmlSettings/libs/tinyxml.cpp; sourceTree = SOURCE_ROOT; };
		278B720D1336CD7D007D4E20 /* tinyxml.h */ = {isa = PBXFileReference; fileEncoding = 4; lastKnownFileType = sourcecode.c.h; name = tinyxml.h; path = ../../../addons/ofxXmlSettings/libs/tinyxml.h; sourceTree = SOURCE_ROOT; };
		278B720E1336CD7D007D4E20 /* tinyxmlerror.cpp */ = {isa = PBXFileReference; fileEncoding = 4; lastKnownFileType = sourcecode.cpp.cpp; name = tinyxmlerror.cpp; path = ../../../addons/ofxXmlSettings/libs/tinyxmlerror.cpp; sourceTree = SOURCE_ROOT; };
		278B720F1336CD7D007D4E20 /* tinyxmlparser.cpp */ = {isa = PBXFileReference; fileEncoding = 4; lastKnownFileType = sourcecode.cpp.cpp; name = tinyxmlparser.cpp; path = ../../../addons/ofxXmlSettings/libs/tinyxmlparser.cpp; sourceTree = SOURCE_ROOT; };
		278B72111336CD7D007D4E20 /* ofxXmlSettings.cpp */ = {isa = PBXFileReference; fileEncoding = 4; lastKnownFileType = sourcecode.cpp.cpp; name = ofxXmlSettings.cpp; path = ../../../addons/ofxXmlSettings/src/ofxXmlSettings.cpp; sourceTree = SOURCE_ROOT; };
		278B72121336CD7D007D4E20 /* ofxXmlSettings.h */ = {isa = PBXFileReference; fileEncoding = 4; lastKnownFileType = sourcecode.c.h; name = ofxXmlSettings.h; path = ../../../addons/ofxXmlSettings/src/ofxXmlSettings.h; sourceTree = SOURCE_ROOT; };
		278B72341336CD8D007D4E20 /* Instructions.txt */ = {isa = PBXFileReference; fileEncoding = 4; lastKnownFileType = text; name = Instructions.txt; path = ../../../addons/ofxDirList/doc/Instructions.txt; sourceTree = SOURCE_ROOT; };
		278B72351336CD8D007D4E20 /* install.xml */ = {isa = PBXFileReference; fileEncoding = 4; lastKnownFileType = text.xml; name = install.xml; path = ../../../addons/ofxDirList/install.xml; sourceTree = SOURCE_ROOT; };
		278B72371336CD8D007D4E20 /* ofxDirList.h */ = {isa = PBXFileReference; fileEncoding = 4; lastKnownFileType = sourcecode.c.h; name = ofxDirList.h; path = ../../../addons/ofxDirList/src/ofxDirList.h; sourceTree = SOURCE_ROOT; };
		278B724E1336CDC0007D4E20 /* install.xml */ = {isa = PBXFileReference; fileEncoding = 4; lastKnownFileType = text.xml; name = install.xml; path = ../../../addons/ofxOsc/install.xml; sourceTree = SOURCE_ROOT; };
		278B72531336CDC0007D4E20 /* IpEndpointName.h */ = {isa = PBXFileReference; fileEncoding = 4; lastKnownFileType = sourcecode.c.h; name = IpEndpointName.h; path = ../../../addons/ofxOsc/libs/oscpack/include/ip/IpEndpointName.h; sourceTree = SOURCE_ROOT; };
		278B72541336CDC0007D4E20 /* NetworkingUtils.h */ = {isa = PBXFileReference; fileEncoding = 4; lastKnownFileType = sourcecode.c.h; name = NetworkingUtils.h; path = ../../../addons/ofxOsc/libs/oscpack/include/ip/NetworkingUtils.h; sourceTree = SOURCE_ROOT; };
		278B72551336CDC0007D4E20 /* PacketListener.h */ = {isa = PBXFileReference; fileEncoding = 4; lastKnownFileType = sourcecode.c.h; name = PacketListener.h; path = ../../../addons/ofxOsc/libs/oscpack/include/ip/PacketListener.h; sourceTree = SOURCE_ROOT; };
		278B72561336CDC0007D4E20 /* TimerListener.h */ = {isa = PBXFileReference; fileEncoding = 4; lastKnownFileType = sourcecode.c.h; name = TimerListener.h; path = ../../../addons/ofxOsc/libs/oscpack/include/ip/TimerListener.h; sourceTree = SOURCE_ROOT; };
		278B72571336CDC0007D4E20 /* UdpSocket.h */ = {isa = PBXFileReference; fileEncoding = 4; lastKnownFileType = sourcecode.c.h; name = UdpSocket.h; path = ../../../addons/ofxOsc/libs/oscpack/include/ip/UdpSocket.h; sourceTree = SOURCE_ROOT; };
		278B72591336CDC0007D4E20 /* MessageMappingOscPacketListener.h */ = {isa = PBXFileReference; fileEncoding = 4; lastKnownFileType = sourcecode.c.h; name = MessageMappingOscPacketListener.h; path = ../../../addons/ofxOsc/libs/oscpack/include/osc/MessageMappingOscPacketListener.h; sourceTree = SOURCE_ROOT; };
		278B725A1336CDC0007D4E20 /* OscException.h */ = {isa = PBXFileReference; fileEncoding = 4; lastKnownFileType = sourcecode.c.h; name = OscException.h; path = ../../../addons/ofxOsc/libs/oscpack/include/osc/OscException.h; sourceTree = SOURCE_ROOT; };
		278B725B1336CDC0007D4E20 /* OscHostEndianness.h */ = {isa = PBXFileReference; fileEncoding = 4; lastKnownFileType = sourcecode.c.h; name = OscHostEndianness.h; path = ../../../addons/ofxOsc/libs/oscpack/include/osc/OscHostEndianness.h; sourceTree = SOURCE_ROOT; };
		278B725C1336CDC0007D4E20 /* OscOutboundPacketStream.h */ = {isa = PBXFileReference; fileEncoding = 4; lastKnownFileType = sourcecode.c.h; name = OscOutboundPacketStream.h; path = ../../../addons/ofxOsc/libs/oscpack/include/osc/OscOutboundPacketStream.h; sourceTree = SOURCE_ROOT; };
		278B725D1336CDC0007D4E20 /* OscPacketListener.h */ = {isa = PBXFileReference; fileEncoding = 4; lastKnownFileType = sourcecode.c.h; name = OscPacketListener.h; path = ../../../addons/ofxOsc/libs/oscpack/include/osc/OscPacketListener.h; sourceTree = SOURCE_ROOT; };
		278B725E1336CDC0007D4E20 /* OscPrintReceivedElements.h */ = {isa = PBXFileReference; fileEncoding = 4; lastKnownFileType = sourcecode.c.h; name = OscPrintReceivedElements.h; path = ../../../addons/ofxOsc/libs/oscpack/include/osc/OscPrintReceivedElements.h; sourceTree = SOURCE_ROOT; };
		278B725F1336CDC0007D4E20 /* OscReceivedElements.h */ = {isa = PBXFileReference; fileEncoding = 4; lastKnownFileType = sourcecode.c.h; name = OscReceivedElements.h; path = ../../../addons/ofxOsc/libs/oscpack/include/osc/OscReceivedElements.h; sourceTree = SOURCE_ROOT; };
		278B72601336CDC0007D4E20 /* OscTypes.h */ = {isa = PBXFileReference; fileEncoding = 4; lastKnownFileType = sourcecode.c.h; name = OscTypes.h; path = ../../../addons/ofxOsc/libs/oscpack/include/osc/OscTypes.h; sourceTree = SOURCE_ROOT; };
		278B72641336CDC0007D4E20 /* liboscpack.a */ = {isa = PBXFileReference; lastKnownFileType = archive.ar; name = liboscpack.a; path = ../../../addons/ofxOsc/libs/oscpack/lib/android/arm7/liboscpack.a; sourceTree = SOURCE_ROOT; };
		278B72651336CDC0007D4E20 /* liboscpack.a */ = {isa = PBXFileReference; lastKnownFileType = archive.ar; name = liboscpack.a; path = ../../../addons/ofxOsc/libs/oscpack/lib/android/liboscpack.a; sourceTree = SOURCE_ROOT; };
		278B72671336CDC0007D4E20 /* liboscpack.a */ = {isa = PBXFileReference; lastKnownFileType = archive.ar; name = liboscpack.a; path = ../../../addons/ofxOsc/libs/oscpack/lib/linux/liboscpack.a; sourceTree = SOURCE_ROOT; };
		278B72691336CDC0007D4E20 /* liboscpack.a */ = {isa = PBXFileReference; lastKnownFileType = archive.ar; name = liboscpack.a; path = ../../../addons/ofxOsc/libs/oscpack/lib/linux64/liboscpack.a; sourceTree = SOURCE_ROOT; };
		278B726B1336CDC0007D4E20 /* osc.a */ = {isa = PBXFileReference; lastKnownFileType = archive.ar; name = osc.a; path = ../../../addons/ofxOsc/libs/oscpack/lib/osx/osc.a; sourceTree = SOURCE_ROOT; };
		278B726D1336CDC0007D4E20 /* oscpack.lib */ = {isa = PBXFileReference; lastKnownFileType = archive.ar; name = oscpack.lib; path = ../../../addons/ofxOsc/libs/oscpack/lib/vs2010/oscpack.lib; sourceTree = SOURCE_ROOT; };
		278B726E1336CDC0007D4E20 /* oscpackd.lib */ = {isa = PBXFileReference; lastKnownFileType = archive.ar; name = oscpackd.lib; path = ../../../addons/ofxOsc/libs/oscpack/lib/vs2010/oscpackd.lib; sourceTree = SOURCE_ROOT; };
		278B72701336CDC0007D4E20 /* oscpack.a */ = {isa = PBXFileReference; lastKnownFileType = archive.ar; name = oscpack.a; path = ../../../addons/ofxOsc/libs/oscpack/lib/win_cb/oscpack.a; sourceTree = SOURCE_ROOT; };
		278B72721336CDC0007D4E20 /* ofxOsc.h */ = {isa = PBXFileReference; fileEncoding = 4; lastKnownFileType = sourcecode.c.h; name = ofxOsc.h; path = ../../../addons/ofxOsc/src/ofxOsc.h; sourceTree = SOURCE_ROOT; };
		278B72731336CDC0007D4E20 /* ofxOscArg.h */ = {isa = PBXFileReference; fileEncoding = 4; lastKnownFileType = sourcecode.c.h; name = ofxOscArg.h; path = ../../../addons/ofxOsc/src/ofxOscArg.h; sourceTree = SOURCE_ROOT; };
		278B72741336CDC0007D4E20 /* ofxOscBundle.cpp */ = {isa = PBXFileReference; fileEncoding = 4; lastKnownFileType = sourcecode.cpp.cpp; name = ofxOscBundle.cpp; path = ../../../addons/ofxOsc/src/ofxOscBundle.cpp; sourceTree = SOURCE_ROOT; };
		278B72751336CDC0007D4E20 /* ofxOscBundle.h */ = {isa = PBXFileReference; fileEncoding = 4; lastKnownFileType = sourcecode.c.h; name = ofxOscBundle.h; path = ../../../addons/ofxOsc/src/ofxOscBundle.h; sourceTree = SOURCE_ROOT; };
		278B72761336CDC0007D4E20 /* ofxOscMessage.cpp */ = {isa = PBXFileReference; fileEncoding = 4; lastKnownFileType = sourcecode.cpp.cpp; name = ofxOscMessage.cpp; path = ../../../addons/ofxOsc/src/ofxOscMessage.cpp; sourceTree = SOURCE_ROOT; };
		278B72771336CDC0007D4E20 /* ofxOscMessage.h */ = {isa = PBXFileReference; fileEncoding = 4; lastKnownFileType = sourcecode.c.h; name = ofxOscMessage.h; path = ../../../addons/ofxOsc/src/ofxOscMessage.h; sourceTree = SOURCE_ROOT; };
		278B72781336CDC0007D4E20 /* ofxOscReceiver.cpp */ = {isa = PBXFileReference; fileEncoding = 4; lastKnownFileType = sourcecode.cpp.cpp; name = ofxOscReceiver.cpp; path = ../../../addons/ofxOsc/src/ofxOscReceiver.cpp; sourceTree = SOURCE_ROOT; };
		278B72791336CDC0007D4E20 /* ofxOscReceiver.h */ = {isa = PBXFileReference; fileEncoding = 4; lastKnownFileType = sourcecode.c.h; name = ofxOscReceiver.h; path = ../../../addons/ofxOsc/src/ofxOscReceiver.h; sourceTree = SOURCE_ROOT; };
		278B727A1336CDC0007D4E20 /* ofxOscSender.cpp */ = {isa = PBXFileReference; fileEncoding = 4; lastKnownFileType = sourcecode.cpp.cpp; name = ofxOscSender.cpp; path = ../../../addons/ofxOsc/src/ofxOscSender.cpp; sourceTree = SOURCE_ROOT; };
		278B727B1336CDC0007D4E20 /* ofxOscSender.h */ = {isa = PBXFileReference; fileEncoding = 4; lastKnownFileType = sourcecode.c.h; name = ofxOscSender.h; path = ../../../addons/ofxOsc/src/ofxOscSender.h; sourceTree = SOURCE_ROOT; };
		E45BE9710E8CC7DD009D7055 /* AGL.framework */ = {isa = PBXFileReference; lastKnownFileType = wrapper.framework; name = AGL.framework; path = /System/Library/Frameworks/AGL.framework; sourceTree = "<absolute>"; };
		E45BE9720E8CC7DD009D7055 /* ApplicationServices.framework */ = {isa = PBXFileReference; lastKnownFileType = wrapper.framework; name = ApplicationServices.framework; path = /System/Library/Frameworks/ApplicationServices.framework; sourceTree = "<absolute>"; };
		E45BE9730E8CC7DD009D7055 /* AudioToolbox.framework */ = {isa = PBXFileReference; lastKnownFileType = wrapper.framework; name = AudioToolbox.framework; path = /System/Library/Frameworks/AudioToolbox.framework; sourceTree = "<absolute>"; };
		E45BE9740E8CC7DD009D7055 /* Carbon.framework */ = {isa = PBXFileReference; lastKnownFileType = wrapper.framework; name = Carbon.framework; path = /System/Library/Frameworks/Carbon.framework; sourceTree = "<absolute>"; };
		E45BE9750E8CC7DD009D7055 /* CoreAudio.framework */ = {isa = PBXFileReference; lastKnownFileType = wrapper.framework; name = CoreAudio.framework; path = /System/Library/Frameworks/CoreAudio.framework; sourceTree = "<absolute>"; };
		E45BE9760E8CC7DD009D7055 /* CoreFoundation.framework */ = {isa = PBXFileReference; lastKnownFileType = wrapper.framework; name = CoreFoundation.framework; path = /System/Library/Frameworks/CoreFoundation.framework; sourceTree = "<absolute>"; };
		E45BE9770E8CC7DD009D7055 /* CoreServices.framework */ = {isa = PBXFileReference; lastKnownFileType = wrapper.framework; name = CoreServices.framework; path = /System/Library/Frameworks/CoreServices.framework; sourceTree = "<absolute>"; };
		E45BE9790E8CC7DD009D7055 /* OpenGL.framework */ = {isa = PBXFileReference; lastKnownFileType = wrapper.framework; name = OpenGL.framework; path = /System/Library/Frameworks/OpenGL.framework; sourceTree = "<absolute>"; };
		E45BE97A0E8CC7DD009D7055 /* QuickTime.framework */ = {isa = PBXFileReference; lastKnownFileType = wrapper.framework; name = QuickTime.framework; path = /System/Library/Frameworks/QuickTime.framework; sourceTree = "<absolute>"; };
		E4B69B5B0A3A1756003C02F2 /* VisualizationApp.app */ = {isa = PBXFileReference; explicitFileType = wrapper.application; includeInIndex = 0; path = VisualizationApp.app; sourceTree = BUILT_PRODUCTS_DIR; };
		E4B6FCAD0C3E899E008CF71C /* openFrameworks-Info.plist */ = {isa = PBXFileReference; fileEncoding = 30; lastKnownFileType = text.plist.xml; path = "openFrameworks-Info.plist"; sourceTree = "<group>"; };
		E4C2421610CC549C004149E2 /* openFrameworksLib.xcodeproj */ = {isa = PBXFileReference; lastKnownFileType = "wrapper.pb-project"; name = openFrameworksLib.xcodeproj; path = ../../../libs/openFrameworksCompiled/project/osx/openFrameworksLib.xcodeproj; sourceTree = SOURCE_ROOT; };
		E4C2424410CC5A17004149E2 /* AppKit.framework */ = {isa = PBXFileReference; lastKnownFileType = wrapper.framework; name = AppKit.framework; path = /System/Library/Frameworks/AppKit.framework; sourceTree = "<absolute>"; };
		E4C2424510CC5A17004149E2 /* Cocoa.framework */ = {isa = PBXFileReference; lastKnownFileType = wrapper.framework; name = Cocoa.framework; path = /System/Library/Frameworks/Cocoa.framework; sourceTree = "<absolute>"; };
		E4C2424610CC5A17004149E2 /* IOKit.framework */ = {isa = PBXFileReference; lastKnownFileType = wrapper.framework; name = IOKit.framework; path = /System/Library/Frameworks/IOKit.framework; sourceTree = "<absolute>"; };
		E4C2425F10CC5A78004149E2 /* GLUT.framework */ = {isa = PBXFileReference; lastKnownFileType = wrapper.framework; name = GLUT.framework; path = ../../../libs/glut/lib/osx/GLUT.framework; sourceTree = SOURCE_ROOT; };
/* End PBXFileReference section */

/* Begin PBXFrameworksBuildPhase section */
		E4B69B590A3A1756003C02F2 /* Frameworks */ = {
			isa = PBXFrameworksBuildPhase;
			buildActionMask = 2147483647;
			files = (
				E4C2422B10CC554B004149E2 /* openFrameworks.a in Frameworks */,
				E45BE97B0E8CC7DD009D7055 /* AGL.framework in Frameworks */,
				E45BE97C0E8CC7DD009D7055 /* ApplicationServices.framework in Frameworks */,
				E45BE97D0E8CC7DD009D7055 /* AudioToolbox.framework in Frameworks */,
				E45BE97E0E8CC7DD009D7055 /* Carbon.framework in Frameworks */,
				E45BE97F0E8CC7DD009D7055 /* CoreAudio.framework in Frameworks */,
				E45BE9800E8CC7DD009D7055 /* CoreFoundation.framework in Frameworks */,
				E45BE9810E8CC7DD009D7055 /* CoreServices.framework in Frameworks */,
				E45BE9830E8CC7DD009D7055 /* OpenGL.framework in Frameworks */,
				E45BE9840E8CC7DD009D7055 /* QuickTime.framework in Frameworks */,
				E4C2424710CC5A17004149E2 /* AppKit.framework in Frameworks */,
				E4C2424810CC5A17004149E2 /* Cocoa.framework in Frameworks */,
				E4C2424910CC5A17004149E2 /* IOKit.framework in Frameworks */,
				E4C2426610CC5A78004149E2 /* GLUT.framework in Frameworks */,
				278B727C1336CDC0007D4E20 /* liboscpack.a in Frameworks */,
				278B727D1336CDC0007D4E20 /* liboscpack.a in Frameworks */,
				278B727E1336CDC0007D4E20 /* liboscpack.a in Frameworks */,
				278B727F1336CDC0007D4E20 /* liboscpack.a in Frameworks */,
				278B72801336CDC0007D4E20 /* osc.a in Frameworks */,
				278B72811336CDC0007D4E20 /* oscpack.lib in Frameworks */,
				278B72821336CDC0007D4E20 /* oscpackd.lib in Frameworks */,
				278B72831336CDC0007D4E20 /* oscpack.a in Frameworks */,
				2789954D1336D96E0051FD6B /* 3DconnexionClient.framework in Frameworks */,
			);
			runOnlyForDeploymentPostprocessing = 0;
		};
/* End PBXFrameworksBuildPhase section */

/* Begin PBXGroup section */
		278994D51336D89B0051FD6B /* ofxControlPanel */ = {
			isa = PBXGroup;
			children = (
				278994D61336D89B0051FD6B /* src */,
			);
			name = ofxControlPanel;
			path = src/addons/ofxControlPanel;
			sourceTree = SOURCE_ROOT;
		};
		278994D61336D89B0051FD6B /* src */ = {
			isa = PBXGroup;
			children = (
				278994D71336D89B0051FD6B /* guiBaseObject.cpp */,
				278994D81336D89B0051FD6B /* guiBaseObject.h */,
				278994D91336D89B0051FD6B /* guiCallback.cpp */,
				278994DA1336D89B0051FD6B /* guiCallback.h */,
				278994DB1336D89B0051FD6B /* guiCallbackValue.cpp */,
				278994DC1336D89B0051FD6B /* guiCallbackValue.h */,
				278994DD1336D89B0051FD6B /* guiColor.cpp */,
				278994DE1336D89B0051FD6B /* guiColor.h */,
				278994DF1336D89B0051FD6B /* guiCustomImpl.h */,
				278994E01336D89B0051FD6B /* guiIncludes.h */,
				278994E11336D89B0051FD6B /* guiTextBase.cpp */,
				278994E21336D89B0051FD6B /* guiTextBase.h */,
				278994E31336D89B0051FD6B /* guiType2DSlider.cpp */,
				278994E41336D89B0051FD6B /* guiType2DSlider.h */,
				278994E51336D89B0051FD6B /* guiTypeButtonSlider.cpp */,
				278994E61336D89B0051FD6B /* guiTypeButtonSlider.h */,
				278994E71336D89B0051FD6B /* guiTypeChartPlotter.cpp */,
				278994E81336D89B0051FD6B /* guiTypeChartPlotter.h */,
				278994E91336D89B0051FD6B /* guiTypeCustom.cpp */,
				278994EA1336D89B0051FD6B /* guiTypeCustom.h */,
				278994EB1336D89B0051FD6B /* guiTypeDrawable.cpp */,
				278994EC1336D89B0051FD6B /* guiTypeDrawable.h */,
				278994ED1336D89B0051FD6B /* guiTypeFileLister.cpp */,
				278994EE1336D89B0051FD6B /* guiTypeFileLister.h */,
				278994EF1336D89B0051FD6B /* guiTypeLabel.cpp */,
				278994F01336D89B0051FD6B /* guiTypeLabel.h */,
				278994F11336D89B0051FD6B /* guiTypeLogger.cpp */,
				278994F21336D89B0051FD6B /* guiTypeLogger.h */,
				278994F31336D89B0051FD6B /* guiTypeMultiToggle.cpp */,
				278994F41336D89B0051FD6B /* guiTypeMultiToggle.h */,
				278994F51336D89B0051FD6B /* guiTypePanel.cpp */,
				278994F61336D89B0051FD6B /* guiTypePanel.h */,
				278994F71336D89B0051FD6B /* guiTypeSlider.cpp */,
				278994F81336D89B0051FD6B /* guiTypeSlider.h */,
				278994F91336D89B0051FD6B /* guiTypeText.cpp */,
				278994FA1336D89B0051FD6B /* guiTypeText.h */,
				278994FB1336D89B0051FD6B /* guiTypeTextDropDown.cpp */,
				278994FC1336D89B0051FD6B /* guiTypeTextDropDown.h */,
				278994FD1336D89B0051FD6B /* guiTypeTextInput.cpp */,
				278994FE1336D89B0051FD6B /* guiTypeTextInput.h */,
				278994FF1336D89B0051FD6B /* guiTypeToggle.cpp */,
				278995001336D89B0051FD6B /* guiTypeToggle.h */,
				278995011336D89B0051FD6B /* guiTypeVairableLister.cpp */,
				278995021336D89B0051FD6B /* guiTypeVairableLister.h */,
				278995031336D89B0051FD6B /* guiTypeVideo.cpp */,
				278995041336D89B0051FD6B /* guiTypeVideo.h */,
				278995051336D89B0051FD6B /* guiValue.cpp */,
				278995061336D89B0051FD6B /* guiValue.h */,
				278995071336D89B0051FD6B /* guiVariablePointer.h */,
				278995081336D89B0051FD6B /* guiXmlValue.h */,
				278995091336D89B0051FD6B /* ofxControlPanel.cpp */,
				2789950A1336D89B0051FD6B /* ofxControlPanel.h */,
				2789950B1336D89B0051FD6B /* simpleColor.cpp */,
				2789950C1336D89B0051FD6B /* simpleColor.h */,
				2789950D1336D89B0051FD6B /* simpleFileLister.cpp */,
				2789950E1336D89B0051FD6B /* simpleFileLister.h */,
				2789950F1336D89B0051FD6B /* simpleLogger.cpp */,
				278995101336D89B0051FD6B /* simpleLogger.h */,
			);
			name = src;
			path = src/addons/ofxControlPanel/src;
			sourceTree = SOURCE_ROOT;
		};
		278B71321336CCB4007D4E20 /* src */ = {
			isa = PBXGroup;
			children = (
				278B717E1336CCB4007D4E20 /* animation */,
				278B718F1336CCB4007D4E20 /* utils */,
				278B71841336CCB4007D4E20 /* scans */,
				278B71831336CCB4007D4E20 /* main.cpp */,
				278B718D1336CCB4007D4E20 /* testApp.cpp */,
				278B718E1336CCB4007D4E20 /* testApp.h */,
			);
			path = src;
			sourceTree = SOURCE_ROOT;
		};
		278B71331336CCB4007D4E20 /* addons */ = {
			isa = PBXGroup;
			children = (
				278994D51336D89B0051FD6B /* ofxControlPanel */,
				278B724D1336CDC0007D4E20 /* ofxOsc */,
				278B72321336CD8D007D4E20 /* ofxDirList */,
				278B72091336CD7D007D4E20 /* ofxXmlSettings */,
				278B71341336CCB4007D4E20 /* ofxConnexion */,
				278B71761336CCB4007D4E20 /* ofxMSAPerlin */,
			);
			name = addons;
			path = src/addons;
			sourceTree = "<group>";
		};
		278B71341336CCB4007D4E20 /* ofxConnexion */ = {
			isa = PBXGroup;
			children = (
				278B71351336CCB4007D4E20 /* src */,
				2789954C1336D96E0051FD6B /* 3DconnexionClient.framework */,
			);
			name = ofxConnexion;
			path = src/addons/ofxConnexion;
			sourceTree = SOURCE_ROOT;
		};
		278B71351336CCB4007D4E20 /* src */ = {
			isa = PBXGroup;
			children = (
				278B71361336CCB4007D4E20 /* ofxConnexion.cpp */,
				278B71371336CCB4007D4E20 /* ofxConnexion.h */,
			);
			name = src;
			path = src/addons/ofxConnexion/src;
			sourceTree = SOURCE_ROOT;
		};
		278B71761336CCB4007D4E20 /* ofxMSAPerlin */ = {
			isa = PBXGroup;
			children = (
				278B71771336CCB4007D4E20 /* src */,
			);
			name = ofxMSAPerlin;
			path = src/addons/ofxMSAPerlin;
			sourceTree = SOURCE_ROOT;
		};
		278B71771336CCB4007D4E20 /* src */ = {
			isa = PBXGroup;
			children = (
				278B71781336CCB4007D4E20 /* ofxMSAPerlin.cpp */,
				278B71791336CCB4007D4E20 /* ofxMSAPerlin.h */,
			);
			name = src;
			path = src/addons/ofxMSAPerlin/src;
			sourceTree = SOURCE_ROOT;
		};
		278B717E1336CCB4007D4E20 /* animation */ = {
			isa = PBXGroup;
			children = (
				278B717F1336CCB4007D4E20 /* Particle.cpp */,
				278B71801336CCB4007D4E20 /* Particle.h */,
				278B71811336CCB4007D4E20 /* particleSystem.cpp */,
				278B71821336CCB4007D4E20 /* particleSystem.h */,
			);
			name = animation;
			path = src/animation;
			sourceTree = SOURCE_ROOT;
		};
		278B71841336CCB4007D4E20 /* scans */ = {
			isa = PBXGroup;
			children = (
				278B71851336CCB4007D4E20 /* scanNotifier.cpp */,
				278B71861336CCB4007D4E20 /* scanNotifier.h */,
				278B71871336CCB4007D4E20 /* scanPlayer.cpp */,
				278B71881336CCB4007D4E20 /* scanPlayer.h */,
				278B71891336CCB4007D4E20 /* threadedImageConvertor.cpp */,
				278B718A1336CCB4007D4E20 /* threadedImageConvertor.h */,
				278B718B1336CCB4007D4E20 /* threadedScanLoader.cpp */,
				278B718C1336CCB4007D4E20 /* threadedScanLoader.h */,
			);
			name = scans;
			path = src/scans;
			sourceTree = SOURCE_ROOT;
		};
		278B718F1336CCB4007D4E20 /* utils */ = {
			isa = PBXGroup;
			children = (
				278B71901336CCB4007D4E20 /* ConnexionCamera.cpp */,
				278B71911336CCB4007D4E20 /* ConnexionCamera.h */,
				278B71921336CCB4007D4E20 /* ofxDaito.cpp */,
				278B71931336CCB4007D4E20 /* ofxDaito.h */,
			);
			name = utils;
			path = src/utils;
			sourceTree = SOURCE_ROOT;
		};
		278B71C41336CCE8007D4E20 /* shaders */ = {
			isa = PBXGroup;
			children = (
				278B71C71336CCE8007D4E20 /* SphereShader.frag */,
				278B71C81336CCE8007D4E20 /* SphereShader.vert */,
				278B71C51336CCE8007D4E20 /* DOFCloud.frag */,
				278B71C61336CCE8007D4E20 /* DOFCloud.vert */,
			);
			includeInIndex = 1;
			name = shaders;
			path = bin/data/shaders;
			sourceTree = SOURCE_ROOT;
		};
		278B72091336CD7D007D4E20 /* ofxXmlSettings */ = {
			isa = PBXGroup;
			children = (
				278B720A1336CD7D007D4E20 /* install.xml */,
				278B720B1336CD7D007D4E20 /* libs */,
				278B72101336CD7D007D4E20 /* src */,
			);
			name = ofxXmlSettings;
			path = ../../../addons/ofxXmlSettings;
			sourceTree = SOURCE_ROOT;
		};
		278B720B1336CD7D007D4E20 /* libs */ = {
			isa = PBXGroup;
			children = (
				278B720C1336CD7D007D4E20 /* tinyxml.cpp */,
				278B720D1336CD7D007D4E20 /* tinyxml.h */,
				278B720E1336CD7D007D4E20 /* tinyxmlerror.cpp */,
				278B720F1336CD7D007D4E20 /* tinyxmlparser.cpp */,
			);
			name = libs;
			path = ../../../addons/ofxXmlSettings/libs;
			sourceTree = SOURCE_ROOT;
		};
		278B72101336CD7D007D4E20 /* src */ = {
			isa = PBXGroup;
			children = (
				278B72111336CD7D007D4E20 /* ofxXmlSettings.cpp */,
				278B72121336CD7D007D4E20 /* ofxXmlSettings.h */,
			);
			name = src;
			path = ../../../addons/ofxXmlSettings/src;
			sourceTree = SOURCE_ROOT;
		};
		278B72321336CD8D007D4E20 /* ofxDirList */ = {
			isa = PBXGroup;
			children = (
				278B72331336CD8D007D4E20 /* doc */,
				278B72351336CD8D007D4E20 /* install.xml */,
				278B72361336CD8D007D4E20 /* src */,
			);
			name = ofxDirList;
			path = ../../../addons/ofxDirList;
			sourceTree = SOURCE_ROOT;
		};
		278B72331336CD8D007D4E20 /* doc */ = {
			isa = PBXGroup;
			children = (
				278B72341336CD8D007D4E20 /* Instructions.txt */,
			);
			name = doc;
			path = ../../../addons/ofxDirList/doc;
			sourceTree = SOURCE_ROOT;
		};
		278B72361336CD8D007D4E20 /* src */ = {
			isa = PBXGroup;
			children = (
				278B72371336CD8D007D4E20 /* ofxDirList.h */,
			);
			name = src;
			path = ../../../addons/ofxDirList/src;
			sourceTree = SOURCE_ROOT;
		};
		278B724D1336CDC0007D4E20 /* ofxOsc */ = {
			isa = PBXGroup;
			children = (
				278B724E1336CDC0007D4E20 /* install.xml */,
				278B724F1336CDC0007D4E20 /* libs */,
				278B72711336CDC0007D4E20 /* src */,
			);
			name = ofxOsc;
			path = ../../../addons/ofxOsc;
			sourceTree = SOURCE_ROOT;
		};
		278B724F1336CDC0007D4E20 /* libs */ = {
			isa = PBXGroup;
			children = (
				278B72501336CDC0007D4E20 /* oscpack */,
			);
			name = libs;
			path = ../../../addons/ofxOsc/libs;
			sourceTree = SOURCE_ROOT;
		};
		278B72501336CDC0007D4E20 /* oscpack */ = {
			isa = PBXGroup;
			children = (
				278B72511336CDC0007D4E20 /* include */,
				278B72611336CDC0007D4E20 /* lib */,
			);
			name = oscpack;
			path = ../../../addons/ofxOsc/libs/oscpack;
			sourceTree = SOURCE_ROOT;
		};
		278B72511336CDC0007D4E20 /* include */ = {
			isa = PBXGroup;
			children = (
				278B72521336CDC0007D4E20 /* ip */,
				278B72581336CDC0007D4E20 /* osc */,
			);
			name = include;
			path = ../../../addons/ofxOsc/libs/oscpack/include;
			sourceTree = SOURCE_ROOT;
		};
		278B72521336CDC0007D4E20 /* ip */ = {
			isa = PBXGroup;
			children = (
				278B72531336CDC0007D4E20 /* IpEndpointName.h */,
				278B72541336CDC0007D4E20 /* NetworkingUtils.h */,
				278B72551336CDC0007D4E20 /* PacketListener.h */,
				278B72561336CDC0007D4E20 /* TimerListener.h */,
				278B72571336CDC0007D4E20 /* UdpSocket.h */,
			);
			name = ip;
			path = ../../../addons/ofxOsc/libs/oscpack/include/ip;
			sourceTree = SOURCE_ROOT;
		};
		278B72581336CDC0007D4E20 /* osc */ = {
			isa = PBXGroup;
			children = (
				278B72591336CDC0007D4E20 /* MessageMappingOscPacketListener.h */,
				278B725A1336CDC0007D4E20 /* OscException.h */,
				278B725B1336CDC0007D4E20 /* OscHostEndianness.h */,
				278B725C1336CDC0007D4E20 /* OscOutboundPacketStream.h */,
				278B725D1336CDC0007D4E20 /* OscPacketListener.h */,
				278B725E1336CDC0007D4E20 /* OscPrintReceivedElements.h */,
				278B725F1336CDC0007D4E20 /* OscReceivedElements.h */,
				278B72601336CDC0007D4E20 /* OscTypes.h */,
			);
			name = osc;
			path = ../../../addons/ofxOsc/libs/oscpack/include/osc;
			sourceTree = SOURCE_ROOT;
		};
		278B72611336CDC0007D4E20 /* lib */ = {
			isa = PBXGroup;
			children = (
				278B72621336CDC0007D4E20 /* android */,
				278B72661336CDC0007D4E20 /* linux */,
				278B72681336CDC0007D4E20 /* linux64 */,
				278B726A1336CDC0007D4E20 /* osx */,
				278B726C1336CDC0007D4E20 /* vs2010 */,
				278B726F1336CDC0007D4E20 /* win_cb */,
			);
			name = lib;
			path = ../../../addons/ofxOsc/libs/oscpack/lib;
			sourceTree = SOURCE_ROOT;
		};
		278B72621336CDC0007D4E20 /* android */ = {
			isa = PBXGroup;
			children = (
				278B72631336CDC0007D4E20 /* arm7 */,
				278B72651336CDC0007D4E20 /* liboscpack.a */,
			);
			name = android;
			path = ../../../addons/ofxOsc/libs/oscpack/lib/android;
			sourceTree = SOURCE_ROOT;
		};
		278B72631336CDC0007D4E20 /* arm7 */ = {
			isa = PBXGroup;
			children = (
				278B72641336CDC0007D4E20 /* liboscpack.a */,
			);
			name = arm7;
			path = ../../../addons/ofxOsc/libs/oscpack/lib/android/arm7;
			sourceTree = SOURCE_ROOT;
		};
		278B72661336CDC0007D4E20 /* linux */ = {
			isa = PBXGroup;
			children = (
				278B72671336CDC0007D4E20 /* liboscpack.a */,
			);
			name = linux;
			path = ../../../addons/ofxOsc/libs/oscpack/lib/linux;
			sourceTree = SOURCE_ROOT;
		};
		278B72681336CDC0007D4E20 /* linux64 */ = {
			isa = PBXGroup;
			children = (
				278B72691336CDC0007D4E20 /* liboscpack.a */,
			);
			name = linux64;
			path = ../../../addons/ofxOsc/libs/oscpack/lib/linux64;
			sourceTree = SOURCE_ROOT;
		};
		278B726A1336CDC0007D4E20 /* osx */ = {
			isa = PBXGroup;
			children = (
				278B726B1336CDC0007D4E20 /* osc.a */,
			);
			name = osx;
			path = ../../../addons/ofxOsc/libs/oscpack/lib/osx;
			sourceTree = SOURCE_ROOT;
		};
		278B726C1336CDC0007D4E20 /* vs2010 */ = {
			isa = PBXGroup;
			children = (
				278B726D1336CDC0007D4E20 /* oscpack.lib */,
				278B726E1336CDC0007D4E20 /* oscpackd.lib */,
			);
			name = vs2010;
			path = ../../../addons/ofxOsc/libs/oscpack/lib/vs2010;
			sourceTree = SOURCE_ROOT;
		};
		278B726F1336CDC0007D4E20 /* win_cb */ = {
			isa = PBXGroup;
			children = (
				278B72701336CDC0007D4E20 /* oscpack.a */,
			);
			name = win_cb;
			path = ../../../addons/ofxOsc/libs/oscpack/lib/win_cb;
			sourceTree = SOURCE_ROOT;
		};
		278B72711336CDC0007D4E20 /* src */ = {
			isa = PBXGroup;
			children = (
				278B72721336CDC0007D4E20 /* ofxOsc.h */,
				278B72731336CDC0007D4E20 /* ofxOscArg.h */,
				278B72741336CDC0007D4E20 /* ofxOscBundle.cpp */,
				278B72751336CDC0007D4E20 /* ofxOscBundle.h */,
				278B72761336CDC0007D4E20 /* ofxOscMessage.cpp */,
				278B72771336CDC0007D4E20 /* ofxOscMessage.h */,
				278B72781336CDC0007D4E20 /* ofxOscReceiver.cpp */,
				278B72791336CDC0007D4E20 /* ofxOscReceiver.h */,
				278B727A1336CDC0007D4E20 /* ofxOscSender.cpp */,
				278B727B1336CDC0007D4E20 /* ofxOscSender.h */,
			);
			name = src;
			path = ../../../addons/ofxOsc/src;
			sourceTree = SOURCE_ROOT;
		};
		E45BE5980E8CC70C009D7055 /* frameworks */ = {
			isa = PBXGroup;
			children = (
				E4C2425F10CC5A78004149E2 /* GLUT.framework */,
				E4C2424410CC5A17004149E2 /* AppKit.framework */,
				E4C2424510CC5A17004149E2 /* Cocoa.framework */,
				E4C2424610CC5A17004149E2 /* IOKit.framework */,
				E45BE9710E8CC7DD009D7055 /* AGL.framework */,
				E45BE9720E8CC7DD009D7055 /* ApplicationServices.framework */,
				E45BE9730E8CC7DD009D7055 /* AudioToolbox.framework */,
				E45BE9740E8CC7DD009D7055 /* Carbon.framework */,
				E45BE9750E8CC7DD009D7055 /* CoreAudio.framework */,
				E45BE9760E8CC7DD009D7055 /* CoreFoundation.framework */,
				E45BE9770E8CC7DD009D7055 /* CoreServices.framework */,
				E45BE9790E8CC7DD009D7055 /* OpenGL.framework */,
				E45BE97A0E8CC7DD009D7055 /* QuickTime.framework */,
			);
			name = frameworks;
			sourceTree = "<group>";
		};
		E4B69B4A0A3A1720003C02F2 = {
			isa = PBXGroup;
			children = (
				278B71C41336CCE8007D4E20 /* shaders */,
				278B71331336CCB4007D4E20 /* addons */,
				E4B6FCAD0C3E899E008CF71C /* openFrameworks-Info.plist */,
				E4B69B5B0A3A1756003C02F2 /* VisualizationApp.app */,
				278B71321336CCB4007D4E20 /* src */,
				E4C2422310CC54B6004149E2 /* openFrameworks */,
				E45BE5980E8CC70C009D7055 /* frameworks */,
			);
			sourceTree = "<group>";
		};
		E4C2421710CC549C004149E2 /* Products */ = {
			isa = PBXGroup;
			children = (
				E4C2421E10CC549C004149E2 /* openFrameworks.a */,
			);
			name = Products;
			sourceTree = "<group>";
		};
		E4C2422310CC54B6004149E2 /* openFrameworks */ = {
			isa = PBXGroup;
			children = (
				E4C2421610CC549C004149E2 /* openFrameworksLib.xcodeproj */,
			);
			name = openFrameworks;
			sourceTree = "<group>";
		};
/* End PBXGroup section */

/* Begin PBXNativeTarget section */
		E4B69B5A0A3A1756003C02F2 /* VisualizationApp */ = {
			isa = PBXNativeTarget;
			buildConfigurationList = E4B69B5F0A3A1757003C02F2 /* Build configuration list for PBXNativeTarget "VisualizationApp" */;
			buildPhases = (
				E4B69B580A3A1756003C02F2 /* Sources */,
				E4B69B590A3A1756003C02F2 /* Frameworks */,
				E4B6FFFD0C3F9AB9008CF71C /* ShellScript */,
				E4C2427710CC5ABF004149E2 /* CopyFiles */,
			);
			buildRules = (
			);
			dependencies = (
				E4C2422810CC54DA004149E2 /* PBXTargetDependency */,
			);
			name = VisualizationApp;
			productName = myOFApp;
			productReference = E4B69B5B0A3A1756003C02F2 /* VisualizationApp.app */;
			productType = "com.apple.product-type.application";
		};
/* End PBXNativeTarget section */

/* Begin PBXProject section */
		E4B69B4C0A3A1720003C02F2 /* Project object */ = {
			isa = PBXProject;
			buildConfigurationList = E4B69B4D0A3A1720003C02F2 /* Build configuration list for PBXProject "VisualizationApp-beta" */;
			compatibilityVersion = "Xcode 2.4";
			hasScannedForEncodings = 0;
			knownRegions = (
				English,
				Japanese,
				French,
				German,
			);
			mainGroup = E4B69B4A0A3A1720003C02F2;
			productRefGroup = E4B69B4A0A3A1720003C02F2;
			projectDirPath = "";
			projectReferences = (
				{
					ProductGroup = E4C2421710CC549C004149E2 /* Products */;
					ProjectRef = E4C2421610CC549C004149E2 /* openFrameworksLib.xcodeproj */;
				},
			);
			projectRoot = "";
			targets = (
				E4B69B5A0A3A1756003C02F2 /* VisualizationApp */,
			);
		};
/* End PBXProject section */

/* Begin PBXReferenceProxy section */
		E4C2421E10CC549C004149E2 /* openFrameworks.a */ = {
			isa = PBXReferenceProxy;
			fileType = archive.ar;
			path = openFrameworks.a;
			remoteRef = E4C2421D10CC549C004149E2 /* PBXContainerItemProxy */;
			sourceTree = BUILT_PRODUCTS_DIR;
		};
/* End PBXReferenceProxy section */

/* Begin PBXShellScriptBuildPhase section */
		E4B6FFFD0C3F9AB9008CF71C /* ShellScript */ = {
			isa = PBXShellScriptBuildPhase;
			buildActionMask = 2147483647;
			files = (
			);
			inputPaths = (
			);
			outputPaths = (
			);
			runOnlyForDeploymentPostprocessing = 0;
			shellPath = /bin/sh;
			shellScript = "cp -f ../../../libs/fmodex/lib/osx/libfmodex.dylib \"$TARGET_BUILD_DIR/$PRODUCT_NAME.app/Contents/MacOS/libfmodex.dylib\"\ninstall_name_tool -change ./libfmodex.dylib @executable_path/libfmodex.dylib \"$TARGET_BUILD_DIR/$PRODUCT_NAME.app/Contents/MacOS/$PRODUCT_NAME\" ";
		};
/* End PBXShellScriptBuildPhase section */

/* Begin PBXSourcesBuildPhase section */
		E4B69B580A3A1756003C02F2 /* Sources */ = {
			isa = PBXSourcesBuildPhase;
			buildActionMask = 2147483647;
			files = (
				278B71941336CCB4007D4E20 /* ofxConnexion.cpp in Sources */,
				278B71AF1336CCB4007D4E20 /* ofxMSAPerlin.cpp in Sources */,
				278B71B11336CCB4007D4E20 /* Particle.cpp in Sources */,
				278B71B21336CCB4007D4E20 /* particleSystem.cpp in Sources */,
				278B71B31336CCB4007D4E20 /* main.cpp in Sources */,
				278B71B41336CCB4007D4E20 /* scanNotifier.cpp in Sources */,
				278B71B51336CCB4007D4E20 /* scanPlayer.cpp in Sources */,
				278B71B61336CCB4007D4E20 /* threadedImageConvertor.cpp in Sources */,
				278B71B71336CCB4007D4E20 /* threadedScanLoader.cpp in Sources */,
				278B71B81336CCB4007D4E20 /* testApp.cpp in Sources */,
				278B71B91336CCB4007D4E20 /* ConnexionCamera.cpp in Sources */,
				278B71BA1336CCB4007D4E20 /* ofxDaito.cpp in Sources */,
				278B722E1336CD7D007D4E20 /* tinyxml.cpp in Sources */,
				278B722F1336CD7D007D4E20 /* tinyxmlerror.cpp in Sources */,
				278B72301336CD7D007D4E20 /* tinyxmlparser.cpp in Sources */,
				278B72311336CD7D007D4E20 /* ofxXmlSettings.cpp in Sources */,
				278B72841336CDC0007D4E20 /* ofxOscBundle.cpp in Sources */,
				278B72851336CDC0007D4E20 /* ofxOscMessage.cpp in Sources */,
				278B72861336CDC0007D4E20 /* ofxOscReceiver.cpp in Sources */,
				278B72871336CDC0007D4E20 /* ofxOscSender.cpp in Sources */,
				278995111336D89B0051FD6B /* guiBaseObject.cpp in Sources */,
				278995121336D89B0051FD6B /* guiCallback.cpp in Sources */,
				278995131336D89B0051FD6B /* guiCallbackValue.cpp in Sources */,
				278995141336D89B0051FD6B /* guiColor.cpp in Sources */,
				278995151336D89B0051FD6B /* guiTextBase.cpp in Sources */,
				278995161336D89B0051FD6B /* guiType2DSlider.cpp in Sources */,
				278995171336D89B0051FD6B /* guiTypeButtonSlider.cpp in Sources */,
				278995181336D89B0051FD6B /* guiTypeChartPlotter.cpp in Sources */,
				278995191336D89B0051FD6B /* guiTypeCustom.cpp in Sources */,
				2789951A1336D89B0051FD6B /* guiTypeDrawable.cpp in Sources */,
				2789951B1336D89B0051FD6B /* guiTypeFileLister.cpp in Sources */,
				2789951C1336D89B0051FD6B /* guiTypeLabel.cpp in Sources */,
				2789951D1336D89B0051FD6B /* guiTypeLogger.cpp in Sources */,
				2789951E1336D89B0051FD6B /* guiTypeMultiToggle.cpp in Sources */,
				2789951F1336D89B0051FD6B /* guiTypePanel.cpp in Sources */,
				278995201336D89B0051FD6B /* guiTypeSlider.cpp in Sources */,
				278995211336D89B0051FD6B /* guiTypeText.cpp in Sources */,
				278995221336D89B0051FD6B /* guiTypeTextDropDown.cpp in Sources */,
				278995231336D89B0051FD6B /* guiTypeTextInput.cpp in Sources */,
				278995241336D89B0051FD6B /* guiTypeToggle.cpp in Sources */,
				278995251336D89B0051FD6B /* guiTypeVairableLister.cpp in Sources */,
				278995261336D89B0051FD6B /* guiTypeVideo.cpp in Sources */,
				278995271336D89B0051FD6B /* guiValue.cpp in Sources */,
				278995281336D89B0051FD6B /* ofxControlPanel.cpp in Sources */,
				278995291336D89B0051FD6B /* simpleColor.cpp in Sources */,
				2789952A1336D89B0051FD6B /* simpleFileLister.cpp in Sources */,
				2789952B1336D89B0051FD6B /* simpleLogger.cpp in Sources */,
			);
			runOnlyForDeploymentPostprocessing = 0;
		};
/* End PBXSourcesBuildPhase section */

/* Begin PBXTargetDependency section */
		E4C2422810CC54DA004149E2 /* PBXTargetDependency */ = {
			isa = PBXTargetDependency;
			name = openFrameworks;
			targetProxy = E4C2422710CC54DA004149E2 /* PBXContainerItemProxy */;
		};
/* End PBXTargetDependency section */

/* Begin XCBuildConfiguration section */
		E4B69B4E0A3A1720003C02F2 /* Debug */ = {
			isa = XCBuildConfiguration;
			buildSettings = {
				ARCHS = "$(NATIVE_ARCH)";
				CONFIGURATION_BUILD_DIR = "$(SRCROOT)/bin/";
				COPY_PHASE_STRIP = NO;
				DEAD_CODE_STRIPPING = YES;
				GCC_AUTO_VECTORIZATION = YES;
				GCC_ENABLE_SSE3_EXTENSIONS = YES;
				GCC_ENABLE_SUPPLEMENTAL_SSE3_INSTRUCTIONS = YES;
				GCC_INLINES_ARE_PRIVATE_EXTERN = NO;
				GCC_MODEL_TUNING = G5;
				GCC_SYMBOLS_PRIVATE_EXTERN = NO;
				GCC_WARN_ABOUT_DEPRECATED_FUNCTIONS = NO;
				GCC_WARN_ABOUT_INVALID_OFFSETOF_MACRO = NO;
				GCC_WARN_ALLOW_INCOMPLETE_PROTOCOL = NO;
				GCC_WARN_UNINITIALIZED_AUTOS = NO;
				GCC_WARN_UNUSED_VALUE = NO;
				GCC_WARN_UNUSED_VARIABLE = NO;
				HEADER_SEARCH_PATHS = (
					"../../../libs/openFrameworks/**",
					../../../libs/freetype/include/,
					../../../libs/freetype/include/freetype2,
					../../../libs/poco/include,
					../../../addons/,
					"../../../libs/glew/include/GL/**",
					"../../../libs/assimp/include/**",
					"../../../libs/fmodex/include/**",
					"../../../libs/freeimage/include/**",
				);
				OTHER_CPLUSPLUSFLAGS = (
					"-D__MACOSX_CORE__",
					"-lpthread",
				);
				OTHER_LDFLAGS = (
					"$(OTHER_LDFLAGS_QUOTED_FOR_PROJECT_1)",
					"$(OTHER_LDFLAGS_QUOTED_FOR_PROJECT_2)",
					"$(OTHER_LDFLAGS_QUOTED_FOR_PROJECT_3)",
					"$(OTHER_LDFLAGS_QUOTED_FOR_PROJECT_4)",
					"$(OTHER_LDFLAGS_QUOTED_FOR_PROJECT_5)",
					"$(OTHER_LDFLAGS_QUOTED_FOR_PROJECT_6)",
					"$(OTHER_LDFLAGS_QUOTED_FOR_PROJECT_7)",
					"$(OTHER_LDFLAGS_QUOTED_FOR_PROJECT_8)",
					"$(OTHER_LDFLAGS_QUOTED_FOR_PROJECT_9)",
					"$(OTHER_LDFLAGS_QUOTED_FOR_PROJECT_9)",
					"$(OTHER_LDFLAGS_QUOTED_FOR_PROJECT_10)",
				);
				OTHER_LDFLAGS_QUOTED_FOR_PROJECT_1 = "\"../../../libs/poco/lib/osx/PocoUtil.a\"";
				OTHER_LDFLAGS_QUOTED_FOR_PROJECT_10 = "\"../../../libs/assimp/lib/osx/assimp.a\"";
				OTHER_LDFLAGS_QUOTED_FOR_PROJECT_2 = "\"../../../libs/poco/lib/osx/PocoXML.a\"";
				OTHER_LDFLAGS_QUOTED_FOR_PROJECT_3 = "\"../../../libs/poco/lib/osx/PocoFoundation.a\"";
				OTHER_LDFLAGS_QUOTED_FOR_PROJECT_4 = "\"../../../libs/poco/lib/osx/PocoNet.a\"";
				OTHER_LDFLAGS_QUOTED_FOR_PROJECT_5 = "\"../../../libs/rtAudio/lib/osx/rtAudio.a\"";
				OTHER_LDFLAGS_QUOTED_FOR_PROJECT_6 = "\"../../../libs/freetype/lib/osx/freetype.a\"";
				OTHER_LDFLAGS_QUOTED_FOR_PROJECT_7 = "\"../../../libs/FreeImage/lib/osx/freeimage.a\"";
				OTHER_LDFLAGS_QUOTED_FOR_PROJECT_8 = "\"../../../libs/fmodex/lib/osx/libfmodex.dylib\"";
				OTHER_LDFLAGS_QUOTED_FOR_PROJECT_9 = "\"../../../libs/glew/lib/osx/glew.a\"";
			};
			name = Debug;
		};
		E4B69B4F0A3A1720003C02F2 /* Release */ = {
			isa = XCBuildConfiguration;
			buildSettings = {
				ARCHS = "$(NATIVE_ARCH)";
				CONFIGURATION_BUILD_DIR = "$(SRCROOT)/bin/";
				COPY_PHASE_STRIP = YES;
				DEAD_CODE_STRIPPING = YES;
				GCC_AUTO_VECTORIZATION = YES;
				GCC_ENABLE_SSE3_EXTENSIONS = YES;
				GCC_ENABLE_SUPPLEMENTAL_SSE3_INSTRUCTIONS = YES;
				GCC_INLINES_ARE_PRIVATE_EXTERN = NO;
				GCC_MODEL_TUNING = G5;
				GCC_OPTIMIZATION_LEVEL = 3;
				GCC_SYMBOLS_PRIVATE_EXTERN = NO;
				GCC_UNROLL_LOOPS = YES;
				GCC_WARN_ABOUT_DEPRECATED_FUNCTIONS = NO;
				GCC_WARN_ABOUT_INVALID_OFFSETOF_MACRO = NO;
				GCC_WARN_ALLOW_INCOMPLETE_PROTOCOL = NO;
				GCC_WARN_UNINITIALIZED_AUTOS = NO;
				GCC_WARN_UNUSED_VALUE = NO;
				GCC_WARN_UNUSED_VARIABLE = NO;
				HEADER_SEARCH_PATHS = (
					"../../../libs/openFrameworks/**",
					../../../libs/freetype/include/,
					../../../libs/freetype/include/freetype2,
					../../../libs/poco/include,
					../../../addons/,
					"../../../libs/glew/include/GL/**",
					"../../../libs/assimp/include/**",
					"../../../libs/fmodex/include/**",
					"../../../libs/freeimage/include/**",
				);
				OTHER_CPLUSPLUSFLAGS = (
					"-D__MACOSX_CORE__",
					"-lpthread",
				);
				OTHER_LDFLAGS = (
					"$(OTHER_LDFLAGS_QUOTED_FOR_PROJECT_1)",
					"$(OTHER_LDFLAGS_QUOTED_FOR_PROJECT_2)",
					"$(OTHER_LDFLAGS_QUOTED_FOR_PROJECT_3)",
					"$(OTHER_LDFLAGS_QUOTED_FOR_PROJECT_4)",
					"$(OTHER_LDFLAGS_QUOTED_FOR_PROJECT_5)",
					"$(OTHER_LDFLAGS_QUOTED_FOR_PROJECT_6)",
					"$(OTHER_LDFLAGS_QUOTED_FOR_PROJECT_7)",
					"$(OTHER_LDFLAGS_QUOTED_FOR_PROJECT_8)",
					"$(OTHER_LDFLAGS_QUOTED_FOR_PROJECT_9)",
					"$(OTHER_LDFLAGS_QUOTED_FOR_PROJECT_9)",
					"$(OTHER_LDFLAGS_QUOTED_FOR_PROJECT_10)",
				);
				OTHER_LDFLAGS_QUOTED_FOR_PROJECT_1 = "\"../../../libs/poco/lib/osx/PocoUtil.a\"";
				OTHER_LDFLAGS_QUOTED_FOR_PROJECT_10 = "\"../../../libs/assimp/lib/osx/assimp.a\"";
				OTHER_LDFLAGS_QUOTED_FOR_PROJECT_2 = "\"../../../libs/poco/lib/osx/PocoXML.a\"";
				OTHER_LDFLAGS_QUOTED_FOR_PROJECT_3 = "\"../../../libs/poco/lib/osx/PocoFoundation.a\"";
				OTHER_LDFLAGS_QUOTED_FOR_PROJECT_4 = "\"../../../libs/poco/lib/osx/PocoNet.a\"";
				OTHER_LDFLAGS_QUOTED_FOR_PROJECT_5 = "\"../../../libs/rtAudio/lib/osx/rtAudio.a\"";
				OTHER_LDFLAGS_QUOTED_FOR_PROJECT_6 = "\"../../../libs/freetype/lib/osx/freetype.a\"";
				OTHER_LDFLAGS_QUOTED_FOR_PROJECT_7 = "\"../../../libs/FreeImage/lib/osx/freeimage.a\"";
				OTHER_LDFLAGS_QUOTED_FOR_PROJECT_8 = "\"../../../libs/fmodex/lib/osx/libfmodex.dylib\"";
				OTHER_LDFLAGS_QUOTED_FOR_PROJECT_9 = "\"../../../libs/glew/lib/osx/glew.a\"";
			};
			name = Release;
		};
		E4B69B600A3A1757003C02F2 /* Debug */ = {
			isa = XCBuildConfiguration;
			buildSettings = {
				COPY_PHASE_STRIP = NO;
				FRAMEWORK_SEARCH_PATHS = (
					"$(inherited)",
					"$(FRAMEWORK_SEARCH_PATHS_QUOTED_FOR_TARGET_1)",
				);
				FRAMEWORK_SEARCH_PATHS_QUOTED_FOR_TARGET_1 = "\"$(SRCROOT)/../../../libs/glut/lib/osx\"";
				GCC_DYNAMIC_NO_PIC = NO;
				GCC_ENABLE_FIX_AND_CONTINUE = YES;
				GCC_GENERATE_DEBUGGING_SYMBOLS = YES;
				GCC_MODEL_TUNING = G4;
				GCC_OPTIMIZATION_LEVEL = 0;
				GCC_PRECOMPILE_PREFIX_HEADER = YES;
				GCC_PREFIX_HEADER = "$(SYSTEM_LIBRARY_DIR)/Frameworks/Carbon.framework/Headers/Carbon.h";
				INFOPLIST_FILE = "openFrameworks-Info.plist";
				INSTALL_PATH = "$(HOME)/Applications";
				LIBRARY_SEARCH_PATHS = (
					"$(inherited)",
					"$(LIBRARY_SEARCH_PATHS_QUOTED_FOR_TARGET_1)",
					"$(LIBRARY_SEARCH_PATHS_QUOTED_FOR_TARGET_2)",
					"$(LIBRARY_SEARCH_PATHS_QUOTED_FOR_TARGET_3)",
					"$(LIBRARY_SEARCH_PATHS_QUOTED_FOR_TARGET_4)",
					"$(LIBRARY_SEARCH_PATHS_QUOTED_FOR_TARGET_5)",
					"$(LIBRARY_SEARCH_PATHS_QUOTED_FOR_TARGET_6)",
					"$(LIBRARY_SEARCH_PATHS_QUOTED_FOR_TARGET_7)",
					"$(LIBRARY_SEARCH_PATHS_QUOTED_FOR_TARGET_8)",
					"$(LIBRARY_SEARCH_PATHS_QUOTED_FOR_TARGET_9)",
					"$(LIBRARY_SEARCH_PATHS_QUOTED_FOR_TARGET_10)",
					"$(LIBRARY_SEARCH_PATHS_QUOTED_FOR_TARGET_11)",
					"$(LIBRARY_SEARCH_PATHS_QUOTED_FOR_TARGET_12)",
					"$(LIBRARY_SEARCH_PATHS_QUOTED_FOR_TARGET_13)",
					"$(LIBRARY_SEARCH_PATHS_QUOTED_FOR_TARGET_14)",
					"$(LIBRARY_SEARCH_PATHS_QUOTED_FOR_TARGET_15)",
					"$(LIBRARY_SEARCH_PATHS_QUOTED_FOR_TARGET_2)",
					"$(LIBRARY_SEARCH_PATHS_QUOTED_FOR_TARGET_3)",
					"$(LIBRARY_SEARCH_PATHS_QUOTED_FOR_TARGET_7)",
					"$(LIBRARY_SEARCH_PATHS_QUOTED_1)",
					"$(LIBRARY_SEARCH_PATHS_QUOTED_2)",
					"$(LIBRARY_SEARCH_PATHS_QUOTED_3)",
					"$(LIBRARY_SEARCH_PATHS_QUOTED_4)",
					"$(LIBRARY_SEARCH_PATHS_QUOTED_5)",
					"$(LIBRARY_SEARCH_PATHS_QUOTED_6)",
					"$(LIBRARY_SEARCH_PATHS_QUOTED_7)",
				);
				LIBRARY_SEARCH_PATHS_QUOTED_1 = "\"$(SRCROOT)/../../../addons/ofxOsc/libs/oscpack/lib/android/arm7\"";
				LIBRARY_SEARCH_PATHS_QUOTED_2 = "\"$(SRCROOT)/../../../addons/ofxOsc/libs/oscpack/lib/android\"";
				LIBRARY_SEARCH_PATHS_QUOTED_3 = "\"$(SRCROOT)/../../../addons/ofxOsc/libs/oscpack/lib/linux\"";
				LIBRARY_SEARCH_PATHS_QUOTED_4 = "\"$(SRCROOT)/../../../addons/ofxOsc/libs/oscpack/lib/linux64\"";
				LIBRARY_SEARCH_PATHS_QUOTED_5 = "\"$(SRCROOT)/../../../addons/ofxOsc/libs/oscpack/lib/osx\"";
				LIBRARY_SEARCH_PATHS_QUOTED_6 = "\"$(SRCROOT)/../../../addons/ofxOsc/libs/oscpack/lib/vs2010\"";
				LIBRARY_SEARCH_PATHS_QUOTED_7 = "\"$(SRCROOT)/../../../addons/ofxOsc/libs/oscpack/lib/win_cb\"";
				LIBRARY_SEARCH_PATHS_QUOTED_FOR_TARGET_1 = "\"$(SRCROOT)/../../../libs/freeimage/lib/osx\"";
				LIBRARY_SEARCH_PATHS_QUOTED_FOR_TARGET_14 = "\"$(SRCROOT)/../../../libs/fmodex/lib/osx\"";
				LIBRARY_SEARCH_PATHS_QUOTED_FOR_TARGET_15 = "\"$(SRCROOT)/../../../libs/freetype/lib/osx\"";
				LIBRARY_SEARCH_PATHS_QUOTED_FOR_TARGET_2 = "\"$(SRCROOT)/../../../libs/FreeImage/lib/osx\"";
				LIBRARY_SEARCH_PATHS_QUOTED_FOR_TARGET_3 = "\"$(SRCROOT)/../../../libs/glew/libs/osx\"";
				LIBRARY_SEARCH_PATHS_QUOTED_FOR_TARGET_4 = "";
				LIBRARY_SEARCH_PATHS_QUOTED_FOR_TARGET_5 = "\"$(SRCROOT)/../../../libs/poco/lib/osx\"";
				LIBRARY_SEARCH_PATHS_QUOTED_FOR_TARGET_6 = "\"$(SRCROOT)/../../../libs/rtAudio/lib/osx\"";
				LIBRARY_SEARCH_PATHS_QUOTED_FOR_TARGET_7 = "\"$(SRCROOT)/../../../libs/glew/libs/osx\"";
				PREBINDING = NO;
				PRODUCT_NAME = "$(TARGET_NAME)Debug";
				WRAPPER_EXTENSION = app;
				ZERO_LINK = NO;
			};
			name = Debug;
		};
		E4B69B610A3A1757003C02F2 /* Release */ = {
			isa = XCBuildConfiguration;
			buildSettings = {
				COPY_PHASE_STRIP = YES;
				FRAMEWORK_SEARCH_PATHS = (
					"$(inherited)",
					"$(FRAMEWORK_SEARCH_PATHS_QUOTED_FOR_TARGET_1)",
				);
				FRAMEWORK_SEARCH_PATHS_QUOTED_FOR_TARGET_1 = "\"$(SRCROOT)/../../../libs/glut/lib/osx\"";
				GCC_ENABLE_FIX_AND_CONTINUE = NO;
				GCC_GENERATE_DEBUGGING_SYMBOLS = NO;
				GCC_MODEL_TUNING = G4;
				GCC_PRECOMPILE_PREFIX_HEADER = YES;
				GCC_PREFIX_HEADER = "$(SYSTEM_LIBRARY_DIR)/Frameworks/Carbon.framework/Headers/Carbon.h";
				INFOPLIST_FILE = "openFrameworks-Info.plist";
				INSTALL_PATH = "$(HOME)/Applications";
				LIBRARY_SEARCH_PATHS = (
					"$(inherited)",
					"$(LIBRARY_SEARCH_PATHS_QUOTED_FOR_TARGET_1)",
					"$(LIBRARY_SEARCH_PATHS_QUOTED_FOR_TARGET_2)",
					"$(LIBRARY_SEARCH_PATHS_QUOTED_FOR_TARGET_3)",
					"$(LIBRARY_SEARCH_PATHS_QUOTED_FOR_TARGET_4)",
					"$(LIBRARY_SEARCH_PATHS_QUOTED_FOR_TARGET_5)",
					"$(LIBRARY_SEARCH_PATHS_QUOTED_FOR_TARGET_6)",
					"$(LIBRARY_SEARCH_PATHS_QUOTED_FOR_TARGET_7)",
					"$(LIBRARY_SEARCH_PATHS_QUOTED_FOR_TARGET_8)",
					"$(LIBRARY_SEARCH_PATHS_QUOTED_FOR_TARGET_9)",
					"$(LIBRARY_SEARCH_PATHS_QUOTED_FOR_TARGET_10)",
					"$(LIBRARY_SEARCH_PATHS_QUOTED_FOR_TARGET_11)",
					"$(LIBRARY_SEARCH_PATHS_QUOTED_FOR_TARGET_12)",
					"$(LIBRARY_SEARCH_PATHS_QUOTED_FOR_TARGET_13)",
					"$(LIBRARY_SEARCH_PATHS_QUOTED_FOR_TARGET_14)",
					"$(LIBRARY_SEARCH_PATHS_QUOTED_FOR_TARGET_15)",
					"$(LIBRARY_SEARCH_PATHS_QUOTED_FOR_TARGET_2)",
					"$(LIBRARY_SEARCH_PATHS_QUOTED_1)",
					"$(LIBRARY_SEARCH_PATHS_QUOTED_FOR_TARGET_3)",
					"$(LIBRARY_SEARCH_PATHS_QUOTED_FOR_TARGET_7)",
					"$(LIBRARY_SEARCH_PATHS_QUOTED_FOR_TARGET_8)",
					"$(LIBRARY_SEARCH_PATHS_QUOTED_FOR_TARGET_9)",
					"$(LIBRARY_SEARCH_PATHS_QUOTED_FOR_TARGET_10)",
					"$(LIBRARY_SEARCH_PATHS_QUOTED_FOR_TARGET_11)",
					"$(LIBRARY_SEARCH_PATHS_QUOTED_FOR_TARGET_12)",
					"$(LIBRARY_SEARCH_PATHS_QUOTED_FOR_TARGET_13)",
				);
				LIBRARY_SEARCH_PATHS_QUOTED_1 = "\"$(SRCROOT)/../../../libs/glew/libs/osx\"";
				LIBRARY_SEARCH_PATHS_QUOTED_FOR_TARGET_1 = "\"$(SRCROOT)/../../../libs/freeimage/lib/osx\"";
				LIBRARY_SEARCH_PATHS_QUOTED_FOR_TARGET_10 = "\"$(SRCROOT)/../../../addons/ofxOsc/libs/oscpack/lib/linux64\"";
				LIBRARY_SEARCH_PATHS_QUOTED_FOR_TARGET_11 = "\"$(SRCROOT)/../../../addons/ofxOsc/libs/oscpack/lib/osx\"";
				LIBRARY_SEARCH_PATHS_QUOTED_FOR_TARGET_12 = "\"$(SRCROOT)/../../../addons/ofxOsc/libs/oscpack/lib/vs2010\"";
				LIBRARY_SEARCH_PATHS_QUOTED_FOR_TARGET_13 = "\"$(SRCROOT)/../../../addons/ofxOsc/libs/oscpack/lib/win_cb\"";
				LIBRARY_SEARCH_PATHS_QUOTED_FOR_TARGET_14 = "\"$(SRCROOT)/../../../libs/fmodex/lib/osx\"";
				LIBRARY_SEARCH_PATHS_QUOTED_FOR_TARGET_15 = "\"$(SRCROOT)/../../../libs/freetype/lib/osx\"";
				LIBRARY_SEARCH_PATHS_QUOTED_FOR_TARGET_2 = "\"$(SRCROOT)/../../../libs/FreeImage/lib/osx\"";
				LIBRARY_SEARCH_PATHS_QUOTED_FOR_TARGET_3 = "\"$(SRCROOT)/../../../libs/glew/libs/osx\"";
				LIBRARY_SEARCH_PATHS_QUOTED_FOR_TARGET_4 = "";
				LIBRARY_SEARCH_PATHS_QUOTED_FOR_TARGET_5 = "\"$(SRCROOT)/../../../libs/poco/lib/osx\"";
				LIBRARY_SEARCH_PATHS_QUOTED_FOR_TARGET_6 = "\"$(SRCROOT)/../../../libs/rtAudio/lib/osx\"";
				LIBRARY_SEARCH_PATHS_QUOTED_FOR_TARGET_7 = "\"$(SRCROOT)/../../../addons/ofxOsc/libs/oscpack/lib/android/arm7\"";
				LIBRARY_SEARCH_PATHS_QUOTED_FOR_TARGET_8 = "\"$(SRCROOT)/../../../addons/ofxOsc/libs/oscpack/lib/android\"";
				LIBRARY_SEARCH_PATHS_QUOTED_FOR_TARGET_9 = "\"$(SRCROOT)/../../../addons/ofxOsc/libs/oscpack/lib/linux\"";
				PREBINDING = NO;
				PRODUCT_NAME = "$(TARGET_NAME)";
				WRAPPER_EXTENSION = app;
				ZERO_LINK = NO;
			};
			name = Release;
		};
/* End XCBuildConfiguration section */

/* Begin XCConfigurationList section */
		E4B69B4D0A3A1720003C02F2 /* Build configuration list for PBXProject "VisualizationApp-beta" */ = {
			isa = XCConfigurationList;
			buildConfigurations = (
				E4B69B4E0A3A1720003C02F2 /* Debug */,
				E4B69B4F0A3A1720003C02F2 /* Release */,
			);
			defaultConfigurationIsVisible = 0;
			defaultConfigurationName = Release;
		};
		E4B69B5F0A3A1757003C02F2 /* Build configuration list for PBXNativeTarget "VisualizationApp" */ = {
			isa = XCConfigurationList;
			buildConfigurations = (
				E4B69B600A3A1757003C02F2 /* Debug */,
				E4B69B610A3A1757003C02F2 /* Release */,
			);
			defaultConfigurationIsVisible = 0;
			defaultConfigurationName = Release;
		};
/* End XCConfigurationList section */
	};
	rootObject = E4B69B4C0A3A1720003C02F2 /* Project object */;
}
